{
  "name": "api-testing",
  "version": "0.0.1",
  "lockfileVersion": 1,
  "requires": true,
  "dependencies": {
    "ajv": {
      "version": "5.5.2",
      "resolved": "http://cipcentral-prod.be.net.intra/nexus/repository/BNPPF_NPM/ajv/-/ajv-5.5.2.tgz",
      "integrity": "sha1-c7Xuyj+rZT49P5Qis0GtQiBdyWU=",
      "requires": {
        "co": "^4.6.0",
        "fast-deep-equal": "^1.0.0",
        "fast-json-stable-stringify": "^2.0.0",
        "json-schema-traverse": "^0.3.0"
      }
    },
    "any-promise": {
      "version": "1.3.0",
      "resolved": "http://cipcentral-prod.be.net.intra/nexus/repository/BNPPF_NPM/any-promise/-/any-promise-1.3.0.tgz",
      "integrity": "sha1-q8av7tzqUugJzcA3au0845Y10X8=",
      "dev": true
    },
    "argparse": {
      "version": "1.0.10",
      "resolved": "http://cipcentral-prod.be.net.intra/nexus/repository/BNPPF_NPM/argparse/-/argparse-1.0.10.tgz",
      "integrity": "sha512-o5Roy6tNG4SL/FOkCAN6RzjiakZS25RLYFrcMttJqbdd8BWrnA+fGz57iN5Pb06pvBGvl5gQ0B48dJlslXvoTg==",
      "dev": true,
      "requires": {
        "sprintf-js": "~1.0.2"
      }
    },
    "asn1": {
      "version": "0.2.3",
      "resolved": "http://cipcentral-prod.be.net.intra/nexus/repository/BNPPF_NPM/asn1/-/asn1-0.2.3.tgz",
      "integrity": "sha1-2sh4dxPJlmhJ/IGAd36+nB3fO4Y="
    },
    "assert-plus": {
      "version": "1.0.0",
      "resolved": "http://cipcentral-prod.be.net.intra/nexus/repository/BNPPF_NPM/assert-plus/-/assert-plus-1.0.0.tgz",
      "integrity": "sha1-8S4PPF13sLHN2RRpQuTpbB5N1SU="
    },
    "assertion-error": {
      "version": "1.1.0",
      "resolved": "http://cipcentral-prod.be.net.intra/nexus/repository/BNPPF_NPM/assertion-error/-/assertion-error-1.1.0.tgz",
      "integrity": "sha512-jgsaNduz+ndvGyFt3uSuWqvy4lCnIJiovtouQN5JZHOKCS2QuhEdbcQHFhVksz2N2U9hXJo8odG7ETyWlEeuDw==",
      "dev": true
    },
    "assertion-error-formatter": {
      "version": "2.0.1",
      "resolved": "http://cipcentral-prod.be.net.intra/nexus/repository/BNPPF_NPM/assertion-error-formatter/-/assertion-error-formatter-2.0.1.tgz",
      "integrity": "sha512-cjC3jUCh9spkroKue5PDSKH5RFQ/KNuZJhk3GwHYmB/8qqETxLOmMdLH+ohi/VukNzxDlMvIe7zScvLoOdhb6Q==",
      "dev": true,
      "requires": {
        "diff": "^3.0.0",
        "pad-right": "^0.2.2",
        "repeat-string": "^1.6.1"
      }
    },
    "async": {
      "version": "1.5.2",
      "resolved": "http://cipcentral-prod.be.net.intra/nexus/repository/BNPPF_NPM/async/-/async-1.5.2.tgz",
      "integrity": "sha1-7GphrlZIDAw8skHJVhjiCJL5Zyo="
    },
    "asynckit": {
      "version": "0.4.0",
      "resolved": "http://cipcentral-prod.be.net.intra/nexus/repository/BNPPF_NPM/asynckit/-/asynckit-0.4.0.tgz",
      "integrity": "sha1-x57Zf380y48robyXkLzDZkdLS3k="
    },
    "aws-sign2": {
      "version": "0.7.0",
      "resolved": "http://cipcentral-prod.be.net.intra/nexus/repository/BNPPF_NPM/aws-sign2/-/aws-sign2-0.7.0.tgz",
      "integrity": "sha1-tG6JCTSpWR8tL2+G1+ap8bP+dqg="
    },
    "aws4": {
      "version": "1.7.0",
      "resolved": "http://cipcentral-prod.be.net.intra/nexus/repository/BNPPF_NPM/aws4/-/aws4-1.7.0.tgz",
      "integrity": "sha512-32NDda82rhwD9/JBCCkB+MRYDp0oSvlo2IL6rQWA10PQi7tDUM3eqMSltXmY+Oyl/7N3P3qNtAlv7X0d9bI28w=="
    },
    "babel-runtime": {
      "version": "6.26.0",
      "resolved": "http://cipcentral-prod.be.net.intra/nexus/repository/BNPPF_NPM/babel-runtime/-/babel-runtime-6.26.0.tgz",
      "integrity": "sha1-llxwWGaOgrVde/4E/yM3vItWR/4=",
      "dev": true,
      "requires": {
        "core-js": "^2.4.0",
        "regenerator-runtime": "^0.11.0"
      }
    },
    "balanced-match": {
      "version": "1.0.0",
      "resolved": "http://cipcentral-prod.be.net.intra/nexus/repository/BNPPF_NPM/balanced-match/-/balanced-match-1.0.0.tgz",
      "integrity": "sha1-ibTRmasr7kneFk6gK4nORi1xt2c=",
      "dev": true
    },
    "bcrypt-pbkdf": {
      "version": "1.0.1",
      "resolved": "http://cipcentral-prod.be.net.intra/nexus/repository/BNPPF_NPM/bcrypt-pbkdf/-/bcrypt-pbkdf-1.0.1.tgz",
      "integrity": "sha1-Y7xdy2EzG5K8Bf1SiVPDNGKgb40=",
      "optional": true,
      "requires": {
        "tweetnacl": "^0.14.3"
      }
    },
    "becke-ch--regex--s0-0-v1--base--pl--lib": {
      "version": "1.4.0",
      "resolved": "http://cipcentral-prod.be.net.intra/nexus/repository/BNPPF_NPM/becke-ch--regex--s0-0-v1--base--pl--lib/-/becke-ch--regex--s0-0-v1--base--pl--lib-1.4.0.tgz",
      "integrity": "sha1-Qpzuu/pffpNueNc/vcfacWKyDiA=",
      "dev": true
    },
    "bluebird": {
      "version": "3.5.1",
      "resolved": "http://cipcentral-prod.be.net.intra/nexus/repository/BNPPF_NPM/bluebird/-/bluebird-3.5.1.tgz",
      "integrity": "sha512-MKiLiV+I1AA596t9w1sQJ8jkiSr5+ZKi0WKrYGUn6d1Fx+Ij4tIj+m2WMQSGczs5jZVxV339chE8iwk6F64wjA=="
    },
    "brace-expansion": {
      "version": "1.1.11",
      "resolved": "http://cipcentral-prod.be.net.intra/nexus/repository/BNPPF_NPM/brace-expansion/-/brace-expansion-1.1.11.tgz",
      "integrity": "sha512-iCuPHDFgrHX7H2vEI/5xpz07zSHB00TpugqhmYtVmMO6518mCuRMoOYFldEBl0g187ufozdaHgWKcYFb61qGiA==",
      "dev": true,
      "requires": {
        "balanced-match": "^1.0.0",
        "concat-map": "0.0.1"
      }
    },
    "btoa": {
      "version": "1.2.1",
      "resolved": "http://cipcentral-prod.be.net.intra/nexus/repository/BNPPF_NPM/btoa/-/btoa-1.2.1.tgz",
      "integrity": "sha512-SB4/MIGlsiVkMcHmT+pSmIPoNDoHg+7cMzmt3Uxt628MTz2487DKSqK/fuhFBrkuqrYv5UCEnACpF4dTFNKc/g==",
      "dev": true
    },
    "caseless": {
      "version": "0.12.0",
      "resolved": "http://cipcentral-prod.be.net.intra/nexus/repository/BNPPF_NPM/caseless/-/caseless-0.12.0.tgz",
      "integrity": "sha1-G2gcIf+EAzyCZUMJBolCDRhxUdw="
    },
    "chai": {
      "version": "3.5.0",
      "resolved": "http://cipcentral-prod.be.net.intra/nexus/repository/BNPPF_NPM/chai/-/chai-3.5.0.tgz",
      "integrity": "sha1-TQJjewZ/6Vi9v906QOxW/vc3Mkc=",
      "dev": true,
      "requires": {
        "assertion-error": "^1.0.1",
        "deep-eql": "^0.1.3",
        "type-detect": "^1.0.0"
      }
    },
    "cli-table": {
      "version": "0.3.1",
      "resolved": "http://cipcentral-prod.be.net.intra/nexus/repository/BNPPF_NPM/cli-table/-/cli-table-0.3.1.tgz",
      "integrity": "sha1-9TsFJmqLGguTSz0IIebi3FkUriM=",
      "dev": true,
      "requires": {
        "colors": "1.0.3"
      },
      "dependencies": {
        "colors": {
          "version": "1.0.3",
          "resolved": "http://cipcentral-prod.be.net.intra/nexus/repository/BNPPF_NPM/colors/-/colors-1.0.3.tgz",
          "integrity": "sha1-BDP0TYCWgP3rYO0mDxsMJi6CpAs=",
          "dev": true
        }
      }
    },
    "co": {
      "version": "4.6.0",
      "resolved": "http://cipcentral-prod.be.net.intra/nexus/repository/BNPPF_NPM/co/-/co-4.6.0.tgz",
      "integrity": "sha1-bqa989hTrlTMuOR7+gvz+QMfsYQ="
    },
    "colors": {
      "version": "1.3.2",
      "resolved": "http://cipcentral-prod.be.net.intra/nexus/repository/BNPPF_NPM/colors/-/colors-1.3.2.tgz",
      "integrity": "sha512-rhP0JSBGYvpcNQj4s5AdShMeE5ahMop96cTeDl/v9qQQm2fYClE2QXZRi8wLzc+GmXSxdIqqbOIAhyObEXDbfQ==",
      "dev": true
    },
    "combined-stream": {
      "version": "1.0.6",
      "resolved": "http://cipcentral-prod.be.net.intra/nexus/repository/BNPPF_NPM/combined-stream/-/combined-stream-1.0.6.tgz",
      "integrity": "sha1-cj599ugBrFYTETp+RFqbactjKBg=",
      "requires": {
        "delayed-stream": "~1.0.0"
      }
    },
    "commander": {
      "version": "2.18.0",
      "resolved": "http://cipcentral-prod.be.net.intra/nexus/repository/BNPPF_NPM/commander/-/commander-2.18.0.tgz",
      "integrity": "sha512-6CYPa+JP2ftfRU2qkDK+UTVeQYosOg/2GbcjIcKPHfinyOLPVGXu/ovN86RP49Re5ndJK1N0kuiidFFuepc4ZQ==",
      "dev": true
    },
    "component-emitter": {
      "version": "1.2.1",
      "resolved": "http://cipcentral-prod.be.net.intra/nexus/repository/BNPPF_NPM/component-emitter/-/component-emitter-1.2.1.tgz",
      "integrity": "sha1-E3kY1teCg/ffemt8WmPhQOaUJeY="
    },
    "concat-map": {
      "version": "0.0.1",
      "resolved": "http://cipcentral-prod.be.net.intra/nexus/repository/BNPPF_NPM/concat-map/-/concat-map-0.0.1.tgz",
      "integrity": "sha1-2Klr13/Wjfd5OnMDajug1UBdR3s=",
      "dev": true
    },
    "cookiejar": {
      "version": "2.1.2",
      "resolved": "http://cipcentral-prod.be.net.intra/nexus/repository/BNPPF_NPM/cookiejar/-/cookiejar-2.1.2.tgz",
      "integrity": "sha512-Mw+adcfzPxcPeI+0WlvRrr/3lGVO0bD75SxX6811cxSh1Wbxx7xZBGK1eVtDf6si8rg2lhnUjsVLMFMfbRIuwA=="
    },
    "core-js": {
      "version": "2.5.7",
      "resolved": "http://cipcentral-prod.be.net.intra/nexus/repository/BNPPF_NPM/core-js/-/core-js-2.5.7.tgz",
      "integrity": "sha512-RszJCAxg/PP6uzXVXL6BsxSXx/B05oJAQ2vkJRjyjrEcNVycaqOmNb5OTxZPE3xa5gwZduqza6L9JOCenh/Ecw==",
      "dev": true
    },
    "core-util-is": {
      "version": "1.0.2",
      "resolved": "http://cipcentral-prod.be.net.intra/nexus/repository/BNPPF_NPM/core-util-is/-/core-util-is-1.0.2.tgz",
      "integrity": "sha1-tf1UIgqivFq1eqtxQMlAdUUDwac="
    },
    "cucumber": {
      "version": "4.2.1",
      "resolved": "http://cipcentral-prod.be.net.intra/nexus/repository/BNPPF_NPM/cucumber/-/cucumber-4.2.1.tgz",
      "integrity": "sha512-3gQ0Vv4kSHsvXEFC6b1c+TfLRDzWD1/kU7e5vm8Kh8j35b95k6favan9/4ixcBNqd7UsU1T6FYcawC87+DlNKw==",
      "dev": true,
      "requires": {
        "assertion-error-formatter": "^2.0.1",
        "babel-runtime": "^6.11.6",
        "bluebird": "^3.4.1",
        "cli-table": "^0.3.1",
        "colors": "^1.1.2",
        "commander": "^2.9.0",
        "cucumber-expressions": "^5.0.13",
        "cucumber-tag-expressions": "^1.1.1",
        "duration": "^0.2.0",
        "escape-string-regexp": "^1.0.5",
        "figures": "2.0.0",
        "gherkin": "^5.0.0",
        "glob": "^7.0.0",
        "indent-string": "^3.1.0",
        "is-generator": "^1.0.2",
        "is-stream": "^1.1.0",
        "knuth-shuffle-seeded": "^1.0.6",
        "lodash": "^4.17.4",
        "mz": "^2.4.0",
        "progress": "^2.0.0",
        "resolve": "^1.3.3",
        "serialize-error": "^2.1.0",
        "stack-chain": "^2.0.0",
        "stacktrace-js": "^2.0.0",
        "string-argv": "0.0.2",
        "title-case": "^2.1.1",
        "util-arity": "^1.0.2",
        "verror": "^1.9.0"
      }
    },
    "cucumber-expressions": {
      "version": "5.0.18",
      "resolved": "http://cipcentral-prod.be.net.intra/nexus/repository/BNPPF_NPM/cucumber-expressions/-/cucumber-expressions-5.0.18.tgz",
      "integrity": "sha1-bHB3nv0668Xp54U5OLERAyJClZY=",
      "dev": true,
      "requires": {
        "becke-ch--regex--s0-0-v1--base--pl--lib": "^1.2.0"
      }
    },
    "cucumber-tag-expressions": {
      "version": "1.1.1",
      "resolved": "http://cipcentral-prod.be.net.intra/nexus/repository/BNPPF_NPM/cucumber-tag-expressions/-/cucumber-tag-expressions-1.1.1.tgz",
      "integrity": "sha1-f1x7cACbwrZmWRv+ZIVFeL7e6Fo=",
      "dev": true
    },
    "d": {
      "version": "1.0.0",
      "resolved": "http://cipcentral-prod.be.net.intra/nexus/repository/BNPPF_NPM/d/-/d-1.0.0.tgz",
      "integrity": "sha1-dUu1v+VUUdpppYuU1F9MWwRi1Y8=",
      "dev": true,
      "requires": {
        "es5-ext": "^0.10.9"
      }
    },
    "dashdash": {
      "version": "1.14.1",
      "resolved": "http://cipcentral-prod.be.net.intra/nexus/repository/BNPPF_NPM/dashdash/-/dashdash-1.14.1.tgz",
      "integrity": "sha1-hTz6D3y+L+1d4gMmuN1YEDX24vA=",
      "requires": {
        "assert-plus": "^1.0.0"
      }
    },
    "debug": {
      "version": "2.6.9",
      "resolved": "http://cipcentral-prod.be.net.intra/nexus/repository/BNPPF_NPM/debug/-/debug-2.6.9.tgz",
      "integrity": "sha512-bC7ElrdJaJnPbAP+1EotYvqZsb3ecl5wi6Bfi6BJTUcNowp6cvspg0jXznRTKDjm/E7AdgFBVeAPVMNcKGsHMA==",
      "requires": {
        "ms": "2.0.0"
      }
    },
    "deep-eql": {
      "version": "0.1.3",
      "resolved": "http://cipcentral-prod.be.net.intra/nexus/repository/BNPPF_NPM/deep-eql/-/deep-eql-0.1.3.tgz",
      "integrity": "sha1-71WKyrjeJSBs1xOQbXTlaTDrafI=",
      "dev": true,
      "requires": {
        "type-detect": "0.1.1"
      },
      "dependencies": {
        "type-detect": {
          "version": "0.1.1",
          "resolved": "http://cipcentral-prod.be.net.intra/nexus/repository/BNPPF_NPM/type-detect/-/type-detect-0.1.1.tgz",
          "integrity": "sha1-C6XsKohWQORw6k6FBZcZANrFiCI=",
          "dev": true
        }
      }
    },
    "delayed-stream": {
      "version": "1.0.0",
      "resolved": "http://cipcentral-prod.be.net.intra/nexus/repository/BNPPF_NPM/delayed-stream/-/delayed-stream-1.0.0.tgz",
      "integrity": "sha1-3zrhmayt+31ECqrgsp4icrJOxhk="
    },
    "diff": {
      "version": "3.5.0",
      "resolved": "http://cipcentral-prod.be.net.intra/nexus/repository/BNPPF_NPM/diff/-/diff-3.5.0.tgz",
      "integrity": "sha512-A46qtFgd+g7pDZinpnwiRJtxbC1hpgf0uzP3iG89scHk0AUC7A1TGxf5OiiOUv/JMZR8GOt8hL900hV0bOy5xA==",
      "dev": true
    },
    "duration": {
      "version": "0.2.1",
      "resolved": "http://cipcentral-prod.be.net.intra/nexus/repository/BNPPF_NPM/duration/-/duration-0.2.1.tgz",
      "integrity": "sha512-gP9Uzm/3kBnHOMrWeymFPjYbG96fQtHtsvUcWI7sP9TXoaRJ602y9SpB7dXgbvcjqQ2p1K6S+yzJccm2wr9PsQ==",
      "dev": true,
      "requires": {
        "d": "1",
        "es5-ext": "~0.10.23"
      }
    },
    "ecc-jsbn": {
      "version": "0.1.1",
      "resolved": "http://cipcentral-prod.be.net.intra/nexus/repository/BNPPF_NPM/ecc-jsbn/-/ecc-jsbn-0.1.1.tgz",
      "integrity": "sha1-D8c6ntXw1Tw4GTOYUj735UN3dQU=",
      "optional": true,
      "requires": {
        "jsbn": "~0.1.0"
      }
    },
    "error-stack-parser": {
      "version": "2.0.2",
      "resolved": "http://cipcentral-prod.be.net.intra/nexus/repository/BNPPF_NPM/error-stack-parser/-/error-stack-parser-2.0.2.tgz",
      "integrity": "sha512-E1fPutRDdIj/hohG0UpT5mayXNCxXP9d+snxFsPU9X0XgccOumKraa3juDMwTUyi7+Bu5+mCGagjg4IYeNbOdw==",
      "dev": true,
      "requires": {
        "stackframe": "^1.0.4"
      }
    },
    "es5-ext": {
      "version": "0.10.46",
      "resolved": "http://cipcentral-prod.be.net.intra/nexus/repository/BNPPF_NPM/es5-ext/-/es5-ext-0.10.46.tgz",
      "integrity": "sha512-24XxRvJXNFwEMpJb3nOkiRJKRoupmjYmOPVlI65Qy2SrtxwOTB+g6ODjBKOtwEHbYrhWRty9xxOWLNdClT2djw==",
      "dev": true,
      "requires": {
        "es6-iterator": "~2.0.3",
        "es6-symbol": "~3.1.1",
        "next-tick": "1"
      }
    },
    "es6-iterator": {
      "version": "2.0.3",
      "resolved": "http://cipcentral-prod.be.net.intra/nexus/repository/BNPPF_NPM/es6-iterator/-/es6-iterator-2.0.3.tgz",
      "integrity": "sha1-p96IkUGgWpSwhUQDstCg+/qY87c=",
      "dev": true,
      "requires": {
        "d": "1",
        "es5-ext": "^0.10.35",
        "es6-symbol": "^3.1.1"
      }
    },
    "es6-symbol": {
      "version": "3.1.1",
      "resolved": "http://cipcentral-prod.be.net.intra/nexus/repository/BNPPF_NPM/es6-symbol/-/es6-symbol-3.1.1.tgz",
      "integrity": "sha1-vwDvT9q2uhtG7Le2KbTH7VcVzHc=",
      "dev": true,
      "requires": {
        "d": "1",
        "es5-ext": "~0.10.14"
      }
    },
    "escape-string-regexp": {
      "version": "1.0.5",
      "resolved": "http://cipcentral-prod.be.net.intra/nexus/repository/BNPPF_NPM/escape-string-regexp/-/escape-string-regexp-1.0.5.tgz",
      "integrity": "sha1-G2HAViGQqN/2rjuyzwIAyhMLhtQ=",
      "dev": true
    },
    "esprima": {
      "version": "4.0.1",
      "resolved": "http://cipcentral-prod.be.net.intra/nexus/repository/BNPPF_NPM/esprima/-/esprima-4.0.1.tgz",
      "integrity": "sha512-eGuFFw7Upda+g4p+QHvnW0RyTX/SVeJBDM/gCtMARO0cLuT2HcEKnTPvhjV6aGeqrCB/sbNop0Kszm0jsaWU4A==",
      "dev": true
    },
    "extend": {
      "version": "3.0.1",
      "resolved": "http://cipcentral-prod.be.net.intra/nexus/repository/BNPPF_NPM/extend/-/extend-3.0.1.tgz",
      "integrity": "sha1-p1Xqe8Gt/MWjHOfnYtuq3F5jZEQ="
    },
    "extsprintf": {
      "version": "1.3.0",
      "resolved": "http://cipcentral-prod.be.net.intra/nexus/repository/BNPPF_NPM/extsprintf/-/extsprintf-1.3.0.tgz",
      "integrity": "sha1-lpGEQOMEGnpBT4xS48V06zw+HgU="
    },
    "fast-deep-equal": {
      "version": "1.1.0",
      "resolved": "http://cipcentral-prod.be.net.intra/nexus/repository/BNPPF_NPM/fast-deep-equal/-/fast-deep-equal-1.1.0.tgz",
      "integrity": "sha1-wFNHeBfIa1HaqFPIHgWbcz0CNhQ="
    },
    "fast-json-stable-stringify": {
      "version": "2.0.0",
      "resolved": "http://cipcentral-prod.be.net.intra/nexus/repository/BNPPF_NPM/fast-json-stable-stringify/-/fast-json-stable-stringify-2.0.0.tgz",
      "integrity": "sha1-1RQsDK7msRifh9OnYREGT4bIu/I="
    },
    "figures": {
      "version": "2.0.0",
      "resolved": "http://cipcentral-prod.be.net.intra/nexus/repository/BNPPF_NPM/figures/-/figures-2.0.0.tgz",
      "integrity": "sha1-OrGi0qYsi/tDGgyUy3l6L84nyWI=",
      "dev": true,
      "requires": {
        "escape-string-regexp": "^1.0.5"
      }
    },
    "forever-agent": {
      "version": "0.6.1",
      "resolved": "http://cipcentral-prod.be.net.intra/nexus/repository/BNPPF_NPM/forever-agent/-/forever-agent-0.6.1.tgz",
      "integrity": "sha1-+8cfDEGt6zf5bFd60e1C2P2sypE="
    },
    "form-data": {
      "version": "2.3.2",
      "resolved": "http://cipcentral-prod.be.net.intra/nexus/repository/BNPPF_NPM/form-data/-/form-data-2.3.2.tgz",
      "integrity": "sha1-SXBJi+YEwgwAXU9cI67NIda0kJk=",
      "requires": {
        "asynckit": "^0.4.0",
        "combined-stream": "1.0.6",
        "mime-types": "^2.1.12"
      }
    },
    "formidable": {
      "version": "1.2.1",
      "resolved": "http://cipcentral-prod.be.net.intra/nexus/repository/BNPPF_NPM/formidable/-/formidable-1.2.1.tgz",
      "integrity": "sha512-Fs9VRguL0gqGHkXS5GQiMCr1VhZBxz0JnJs4JmMp/2jL18Fmbzvv7vOFRU+U8TBkHEE/CX1qDXzJplVULgsLeg=="
    },
    "fs.realpath": {
      "version": "1.0.0",
      "resolved": "http://cipcentral-prod.be.net.intra/nexus/repository/BNPPF_NPM/fs.realpath/-/fs.realpath-1.0.0.tgz",
      "integrity": "sha1-FQStJSMVjKpA20onh8sBQRmU6k8=",
      "dev": true
    },
    "getpass": {
      "version": "0.1.7",
      "resolved": "http://cipcentral-prod.be.net.intra/nexus/repository/BNPPF_NPM/getpass/-/getpass-0.1.7.tgz",
      "integrity": "sha1-Xv+OPmhNVprkyysSgmBOi6YhSfo=",
      "requires": {
        "assert-plus": "^1.0.0"
      }
    },
    "gherkin": {
      "version": "5.1.0",
      "resolved": "http://cipcentral-prod.be.net.intra/nexus/repository/BNPPF_NPM/gherkin/-/gherkin-5.1.0.tgz",
      "integrity": "sha1-aEu7A63STq9731RPWAM+so+zxtU=",
      "dev": true
    },
    "glob": {
      "version": "7.1.3",
      "resolved": "http://cipcentral-prod.be.net.intra/nexus/repository/BNPPF_NPM/glob/-/glob-7.1.3.tgz",
      "integrity": "sha512-vcfuiIxogLV4DlGBHIUOwI0IbrJ8HWPc4MU7HzviGeNho/UJDfi6B5p3sHeWIQ0KGIU0Jpxi5ZHxemQfLkkAwQ==",
      "dev": true,
      "requires": {
        "fs.realpath": "^1.0.0",
        "inflight": "^1.0.4",
        "inherits": "2",
        "minimatch": "^3.0.4",
        "once": "^1.3.0",
        "path-is-absolute": "^1.0.0"
      }
    },
    "har-schema": {
      "version": "2.0.0",
      "resolved": "http://cipcentral-prod.be.net.intra/nexus/repository/BNPPF_NPM/har-schema/-/har-schema-2.0.0.tgz",
      "integrity": "sha1-qUwiJOvKwEeCoNkDVSHyRzW37JI="
    },
    "har-validator": {
      "version": "5.0.3",
      "resolved": "http://cipcentral-prod.be.net.intra/nexus/repository/BNPPF_NPM/har-validator/-/har-validator-5.0.3.tgz",
      "integrity": "sha1-ukAsJmGU8VlW7xXg/PJCmT9qff0=",
      "requires": {
        "ajv": "^5.1.0",
        "har-schema": "^2.0.0"
      }
    },
    "http-signature": {
      "version": "1.2.0",
      "resolved": "http://cipcentral-prod.be.net.intra/nexus/repository/BNPPF_NPM/http-signature/-/http-signature-1.2.0.tgz",
      "integrity": "sha1-muzZJRFHcvPZW2WmCruPfBj7rOE=",
      "requires": {
        "assert-plus": "^1.0.0",
        "jsprim": "^1.2.2",
        "sshpk": "^1.7.0"
      }
    },
    "indent-string": {
      "version": "3.2.0",
      "resolved": "http://cipcentral-prod.be.net.intra/nexus/repository/BNPPF_NPM/indent-string/-/indent-string-3.2.0.tgz",
      "integrity": "sha1-Sl/W0nzDMvN+VBmlBNu4NxBckok=",
      "dev": true
    },
    "inflight": {
      "version": "1.0.6",
      "resolved": "http://cipcentral-prod.be.net.intra/nexus/repository/BNPPF_NPM/inflight/-/inflight-1.0.6.tgz",
      "integrity": "sha1-Sb1jMdfQLQwJvJEKEHW6gWW1bfk=",
      "dev": true,
      "requires": {
        "once": "^1.3.0",
        "wrappy": "1"
      }
    },
    "inherits": {
      "version": "2.0.3",
      "resolved": "http://cipcentral-prod.be.net.intra/nexus/repository/BNPPF_NPM/inherits/-/inherits-2.0.3.tgz",
      "integrity": "sha1-Yzwsg+PaQqUC9SRmAiSA9CCCYd4="
    },
    "is-generator": {
      "version": "1.0.3",
      "resolved": "http://cipcentral-prod.be.net.intra/nexus/repository/BNPPF_NPM/is-generator/-/is-generator-1.0.3.tgz",
      "integrity": "sha1-wUwhBX7TbjKNuANHlmxpP4hjifM=",
      "dev": true
    },
    "is-stream": {
      "version": "1.1.0",
      "resolved": "http://cipcentral-prod.be.net.intra/nexus/repository/BNPPF_NPM/is-stream/-/is-stream-1.1.0.tgz",
      "integrity": "sha1-EtSj3U5o4Lec6428hBc66A2RykQ=",
      "dev": true
    },
    "is-typedarray": {
      "version": "1.0.0",
      "resolved": "http://cipcentral-prod.be.net.intra/nexus/repository/BNPPF_NPM/is-typedarray/-/is-typedarray-1.0.0.tgz",
      "integrity": "sha1-5HnICFjfDBsR3dppQPlgEfzaSpo="
    },
    "isarray": {
      "version": "1.0.0",
      "resolved": "http://cipcentral-prod.be.net.intra/nexus/repository/BNPPF_NPM/isarray/-/isarray-1.0.0.tgz",
      "integrity": "sha1-u5NdSFgsuhaMBoNJV6VKPgcSTxE="
    },
    "isstream": {
      "version": "0.1.2",
      "resolved": "http://cipcentral-prod.be.net.intra/nexus/repository/BNPPF_NPM/isstream/-/isstream-0.1.2.tgz",
      "integrity": "sha1-R+Y/evVa+m+S4VAOaQ64uFKcCZo="
    },
    "js-yaml": {
      "version": "3.12.0",
      "resolved": "http://cipcentral-prod.be.net.intra/nexus/repository/BNPPF_NPM/js-yaml/-/js-yaml-3.12.0.tgz",
      "integrity": "sha512-PIt2cnwmPfL4hKNwqeiuz4bKfnzHTBv6HyVgjahA6mPLwPDzjDWrplJBMjHUFxku/N3FlmrbyPclad+I+4mJ3A==",
      "dev": true,
      "requires": {
        "argparse": "^1.0.7",
        "esprima": "^4.0.0"
      }
    },
    "jsbn": {
      "version": "0.1.1",
      "resolved": "http://cipcentral-prod.be.net.intra/nexus/repository/BNPPF_NPM/jsbn/-/jsbn-0.1.1.tgz",
      "integrity": "sha1-peZUwuWi3rXyAdls77yoDA7y9RM=",
      "optional": true
    },
    "json-schema": {
      "version": "0.2.3",
      "resolved": "http://cipcentral-prod.be.net.intra/nexus/repository/BNPPF_NPM/json-schema/-/json-schema-0.2.3.tgz",
      "integrity": "sha1-tIDIkuWaLwWVTOcnvT8qTogvnhM="
    },
    "json-schema-traverse": {
      "version": "0.3.1",
      "resolved": "http://cipcentral-prod.be.net.intra/nexus/repository/BNPPF_NPM/json-schema-traverse/-/json-schema-traverse-0.3.1.tgz",
      "integrity": "sha1-NJptRMU6Ud6JtAgFxdXlm0F9M0A="
    },
    "json-stringify-safe": {
      "version": "5.0.1",
      "resolved": "http://cipcentral-prod.be.net.intra/nexus/repository/BNPPF_NPM/json-stringify-safe/-/json-stringify-safe-5.0.1.tgz",
      "integrity": "sha1-Epai1Y/UXxmg9s4B1lcB4sc1tus="
    },
    "jsprim": {
      "version": "1.4.1",
      "resolved": "http://cipcentral-prod.be.net.intra/nexus/repository/BNPPF_NPM/jsprim/-/jsprim-1.4.1.tgz",
      "integrity": "sha1-MT5mvB5cwG5Di8G3SZwuXFastqI=",
      "requires": {
        "assert-plus": "1.0.0",
        "extsprintf": "1.3.0",
        "json-schema": "0.2.3",
        "verror": "1.10.0"
      }
    },
    "knuth-shuffle-seeded": {
      "version": "1.0.6",
      "resolved": "http://cipcentral-prod.be.net.intra/nexus/repository/BNPPF_NPM/knuth-shuffle-seeded/-/knuth-shuffle-seeded-1.0.6.tgz",
      "integrity": "sha1-AfG2VzOqdUDuCNiwF0Fk0iCB5OE=",
      "dev": true,
      "requires": {
        "seed-random": "~2.2.0"
      }
    },
    "lodash": {
      "version": "4.17.10",
      "resolved": "http://cipcentral-prod.be.net.intra/nexus/repository/BNPPF_NPM/lodash/-/lodash-4.17.10.tgz",
      "integrity": "sha512-UejweD1pDoXu+AD825lWwp4ZGtSwgnpZxb3JDViD7StjQz+Nb/6l093lx4OQ0foGWNRoc19mWy7BzL+UAK2iVg=="
    },
    "lodash-compat": {
      "version": "3.10.2",
      "resolved": "http://cipcentral-prod.be.net.intra/nexus/repository/BNPPF_NPM/lodash-compat/-/lodash-compat-3.10.2.tgz",
      "integrity": "sha1-xpQBKKnTD46QLNLPmf0Muk7PwYM=",
      "dev": true
    },
    "lower-case": {
      "version": "1.1.4",
      "resolved": "http://cipcentral-prod.be.net.intra/nexus/repository/BNPPF_NPM/lower-case/-/lower-case-1.1.4.tgz",
      "integrity": "sha1-miyr0bno4K6ZOkv31YdcOcQujqw=",
      "dev": true
    },
    "methods": {
      "version": "1.1.2",
      "resolved": "http://cipcentral-prod.be.net.intra/nexus/repository/BNPPF_NPM/methods/-/methods-1.1.2.tgz",
      "integrity": "sha1-VSmk1nZUE07cxSZmVoNbD4Ua/O4="
    },
    "mime": {
      "version": "1.6.0",
      "resolved": "http://cipcentral-prod.be.net.intra/nexus/repository/BNPPF_NPM/mime/-/mime-1.6.0.tgz",
      "integrity": "sha512-x0Vn8spI+wuJ1O6S7gnbaQg8Pxh4NNHb7KSINmEWKiPE4RKOplvijn+NkmYmmRgP68mc70j2EbeTFRsrswaQeg=="
    },
    "mime-db": {
      "version": "1.35.0",
      "resolved": "http://cipcentral-prod.be.net.intra/nexus/repository/BNPPF_NPM/mime-db/-/mime-db-1.35.0.tgz",
      "integrity": "sha512-JWT/IcCTsB0Io3AhWUMjRqucrHSPsSf2xKLaRldJVULioggvkJvggZ3VXNNSRkCddE6D+BUI4HEIZIA2OjwIvg=="
    },
    "mime-types": {
      "version": "2.1.19",
      "resolved": "http://cipcentral-prod.be.net.intra/nexus/repository/BNPPF_NPM/mime-types/-/mime-types-2.1.19.tgz",
      "integrity": "sha512-P1tKYHVSZ6uFo26mtnve4HQFE3koh1UWVkp8YUC+ESBHe945xWSoXuHHiGarDqcEZ+whpCDnlNw5LON0kLo+sw==",
      "requires": {
        "mime-db": "~1.35.0"
      }
    },
    "minimatch": {
      "version": "3.0.4",
      "resolved": "http://cipcentral-prod.be.net.intra/nexus/repository/BNPPF_NPM/minimatch/-/minimatch-3.0.4.tgz",
      "integrity": "sha512-yJHVQEhyqPLUTgt9B83PXu6W3rx4MvvHvSUvToogpwoGDOUQ+yDrR0HRot+yOCdCO7u4hX3pWft6kWBBcqh0UA==",
      "dev": true,
      "requires": {
        "brace-expansion": "^1.1.7"
      }
    },
    "ms": {
      "version": "2.0.0",
      "resolved": "http://cipcentral-prod.be.net.intra/nexus/repository/BNPPF_NPM/ms/-/ms-2.0.0.tgz",
      "integrity": "sha1-VgiurfwAvmwpAd9fmGF4jeDVl8g="
    },
    "mz": {
      "version": "2.7.0",
      "resolved": "http://cipcentral-prod.be.net.intra/nexus/repository/BNPPF_NPM/mz/-/mz-2.7.0.tgz",
      "integrity": "sha512-z81GNO7nnYMEhrGh9LeymoE4+Yr0Wn5McHIZMK5cfQCl+NDX08sCZgUc9/6MHni9IWuFLm1Z3HTCXu2z9fN62Q==",
      "dev": true,
      "requires": {
        "any-promise": "^1.0.0",
        "object-assign": "^4.0.1",
        "thenify-all": "^1.0.0"
      }
    },
    "next-tick": {
      "version": "1.0.0",
      "resolved": "http://cipcentral-prod.be.net.intra/nexus/repository/BNPPF_NPM/next-tick/-/next-tick-1.0.0.tgz",
      "integrity": "sha1-yobR/ogoFpsBICCOPchCS524NCw=",
      "dev": true
    },
    "no-case": {
      "version": "2.3.2",
      "resolved": "http://cipcentral-prod.be.net.intra/nexus/repository/BNPPF_NPM/no-case/-/no-case-2.3.2.tgz",
      "integrity": "sha512-rmTZ9kz+f3rCvK2TD1Ue/oZlns7OGoIWP4fc3llxxRXlOkHKoWPPWJOfFYpITabSow43QJbRIoHQXtt10VldyQ==",
      "dev": true,
      "requires": {
        "lower-case": "^1.1.1"
      }
    },
    "oauth-sign": {
      "version": "0.8.2",
      "resolved": "http://cipcentral-prod.be.net.intra/nexus/repository/BNPPF_NPM/oauth-sign/-/oauth-sign-0.8.2.tgz",
      "integrity": "sha1-Rqarfwrq2N6unsBWV4C31O/rnUM="
    },
    "object-assign": {
      "version": "4.1.1",
      "resolved": "http://cipcentral-prod.be.net.intra/nexus/repository/BNPPF_NPM/object-assign/-/object-assign-4.1.1.tgz",
      "integrity": "sha1-IQmtx5ZYh8/AXLvUQsrIv7s2CGM=",
      "dev": true
    },
    "once": {
      "version": "1.4.0",
      "resolved": "http://cipcentral-prod.be.net.intra/nexus/repository/BNPPF_NPM/once/-/once-1.4.0.tgz",
      "integrity": "sha1-WDsap3WWHUsROsF9nFC6753Xa9E=",
      "dev": true,
      "requires": {
        "wrappy": "1"
      }
    },
    "pad-right": {
      "version": "0.2.2",
      "resolved": "http://cipcentral-prod.be.net.intra/nexus/repository/BNPPF_NPM/pad-right/-/pad-right-0.2.2.tgz",
      "integrity": "sha1-b7ySQEXSRPKiokRQMGDTv8YAl3Q=",
      "dev": true,
      "requires": {
        "repeat-string": "^1.5.2"
      }
    },
    "path-is-absolute": {
      "version": "1.0.1",
      "resolved": "http://cipcentral-prod.be.net.intra/nexus/repository/BNPPF_NPM/path-is-absolute/-/path-is-absolute-1.0.1.tgz",
      "integrity": "sha1-F0uSaHNVNP+8es5r9TpanhtcX18=",
      "dev": true
    },
    "path-parse": {
      "version": "1.0.6",
      "resolved": "http://cipcentral-prod.be.net.intra/nexus/repository/BNPPF_NPM/path-parse/-/path-parse-1.0.6.tgz",
      "integrity": "sha512-GSmOT2EbHrINBf9SR7CDELwlJ8AENk3Qn7OikK4nFYAu3Ote2+JYNVvkpAEQm3/TLNEJFD/xZJjzyxg3KBWOzw==",
      "dev": true
    },
    "performance-now": {
      "version": "2.1.0",
      "resolved": "http://cipcentral-prod.be.net.intra/nexus/repository/BNPPF_NPM/performance-now/-/performance-now-2.1.0.tgz",
      "integrity": "sha1-Ywn04OX6kT7BxpMHrjZLSzd8nns="
    },
    "process-nextick-args": {
      "version": "2.0.0",
      "resolved": "http://cipcentral-prod.be.net.intra/nexus/repository/BNPPF_NPM/process-nextick-args/-/process-nextick-args-2.0.0.tgz",
      "integrity": "sha512-MtEC1TqN0EU5nephaJ4rAtThHtC86dNN9qCuEhtshvpVBkAW5ZO7BASN9REnF9eoXGcRub+pFuKEpOHE+HbEMw=="
    },
    "progress": {
      "version": "2.0.0",
      "resolved": "http://cipcentral-prod.be.net.intra/nexus/repository/BNPPF_NPM/progress/-/progress-2.0.0.tgz",
      "integrity": "sha1-ihvjZr+Pwj2yvSPxDG/pILQ4nR8=",
      "dev": true
    },
    "punycode": {
      "version": "1.4.1",
      "resolved": "http://cipcentral-prod.be.net.intra/nexus/repository/BNPPF_NPM/punycode/-/punycode-1.4.1.tgz",
      "integrity": "sha1-wNWmOycYgArY4esPpSachN1BhF4="
    },
    "q": {
      "version": "1.5.1",
      "resolved": "http://cipcentral-prod.be.net.intra/nexus/repository/BNPPF_NPM/q/-/q-1.5.1.tgz",
      "integrity": "sha1-fjL3W0E4EpHQRhHxvxQQmsAGUdc=",
      "dev": true
    },
    "qs": {
      "version": "6.5.2",
      "resolved": "http://cipcentral-prod.be.net.intra/nexus/repository/BNPPF_NPM/qs/-/qs-6.5.2.tgz",
      "integrity": "sha512-N5ZAX4/LxJmF+7wN74pUD6qAh9/wnvdQcjq9TZjevvXzSUo7bfmw91saqMjzGS2xq91/odN2dW/WOl7qQHNDGA=="
    },
    "readable-stream": {
      "version": "2.3.6",
      "resolved": "http://cipcentral-prod.be.net.intra/nexus/repository/BNPPF_NPM/readable-stream/-/readable-stream-2.3.6.tgz",
      "integrity": "sha512-tQtKA9WIAhBF3+VLAseyMqZeBjW0AHJoxOtYqSUZNJxauErmLbVm2FW1y+J/YA9dUrAC39ITejlZWhVIwawkKw==",
      "requires": {
        "core-util-is": "~1.0.0",
        "inherits": "~2.0.3",
        "isarray": "~1.0.0",
        "process-nextick-args": "~2.0.0",
        "safe-buffer": "~5.1.1",
        "string_decoder": "~1.1.1",
        "util-deprecate": "~1.0.1"
      }
    },
    "reduce-component": {
      "version": "1.0.1",
      "resolved": "http://cipcentral-prod.be.net.intra/nexus/repository/BNPPF_NPM/reduce-component/-/reduce-component-1.0.1.tgz",
      "integrity": "sha1-4Mk1QsV0UhvqE98PlIjtgqt3xdo=",
      "dev": true
    },
    "regenerator-runtime": {
      "version": "0.11.1",
      "resolved": "http://cipcentral-prod.be.net.intra/nexus/repository/BNPPF_NPM/regenerator-runtime/-/regenerator-runtime-0.11.1.tgz",
      "integrity": "sha512-MguG95oij0fC3QV3URf4V2SDYGJhJnJGqvIIgdECeODCT98wSWDAJ94SSuVpYQUoTcGUIL6L4yNB7j1DFFHSBg==",
      "dev": true
    },
    "repeat-string": {
      "version": "1.6.1",
      "resolved": "http://cipcentral-prod.be.net.intra/nexus/repository/BNPPF_NPM/repeat-string/-/repeat-string-1.6.1.tgz",
      "integrity": "sha1-jcrkcOHIirwtYA//Sndihtp15jc=",
      "dev": true
    },
    "request": {
      "version": "2.87.0",
      "resolved": "http://cipcentral-prod.be.net.intra/nexus/repository/BNPPF_NPM/request/-/request-2.87.0.tgz",
      "integrity": "sha512-fcogkm7Az5bsS6Sl0sibkbhcKsnyon/jV1kF3ajGmF0c8HrttdKTPRT9hieOaQHA5HEq6r8OyWOo/o781C1tNw==",
      "requires": {
        "aws-sign2": "~0.7.0",
        "aws4": "^1.6.0",
        "caseless": "~0.12.0",
        "combined-stream": "~1.0.5",
        "extend": "~3.0.1",
        "forever-agent": "~0.6.1",
        "form-data": "~2.3.1",
        "har-validator": "~5.0.3",
        "http-signature": "~1.2.0",
        "is-typedarray": "~1.0.0",
        "isstream": "~0.1.2",
        "json-stringify-safe": "~5.0.1",
        "mime-types": "~2.1.17",
        "oauth-sign": "~0.8.2",
        "performance-now": "^2.1.0",
        "qs": "~6.5.1",
        "safe-buffer": "^5.1.1",
        "tough-cookie": "~2.3.3",
        "tunnel-agent": "^0.6.0",
        "uuid": "^3.1.0"
      }
    },
    "request-promise": {
      "version": "3.0.0",
      "resolved": "http://cipcentral-prod.be.net.intra/nexus/repository/BNPPF_NPM/request-promise/-/request-promise-3.0.0.tgz",
      "integrity": "sha1-vh7bJvQcSc0dVlbGdT1oQqEkn0Y=",
      "requires": {
        "bluebird": "^3.3",
        "lodash": "^4.6.1",
        "request": "^2.34"
      }
    },
    "resolve": {
      "version": "1.8.1",
      "resolved": "http://cipcentral-prod.be.net.intra/nexus/repository/BNPPF_NPM/resolve/-/resolve-1.8.1.tgz",
      "integrity": "sha512-AicPrAC7Qu1JxPCZ9ZgCZlY35QgFnNqc+0LtbRNxnVw4TXvjQ72wnuL9JQcEBgXkI9JM8MsT9kaQoHcpCRJOYA==",
      "dev": true,
      "requires": {
        "path-parse": "^1.0.5"
      }
    },
    "safe-buffer": {
      "version": "5.1.2",
      "resolved": "http://cipcentral-prod.be.net.intra/nexus/repository/BNPPF_NPM/safe-buffer/-/safe-buffer-5.1.2.tgz",
      "integrity": "sha512-Gd2UZBJDkXlY7GbJxfsE8/nvKkUEU1G38c1siN6QP6a9PT9MmHB8GnpscSmMJSoF8LOIrt8ud/wPtojys4G6+g=="
    },
    "seed-random": {
      "version": "2.2.0",
      "resolved": "http://cipcentral-prod.be.net.intra/nexus/repository/BNPPF_NPM/seed-random/-/seed-random-2.2.0.tgz",
      "integrity": "sha1-KpsZ4lCoFwmSMaW5mk2vgLf77VQ=",
      "dev": true
    },
    "serialize-error": {
      "version": "2.1.0",
      "resolved": "http://cipcentral-prod.be.net.intra/nexus/repository/BNPPF_NPM/serialize-error/-/serialize-error-2.1.0.tgz",
      "integrity": "sha1-ULZ51WNc34Rme9yOWa9OW4HV9go=",
      "dev": true
    },
    "source-map": {
      "version": "0.5.6",
      "resolved": "http://cipcentral-prod.be.net.intra/nexus/repository/BNPPF_NPM/source-map/-/source-map-0.5.6.tgz",
      "integrity": "sha1-dc449SvwczxafwwRjYEzSiu19BI=",
      "dev": true
    },
    "sprintf-js": {
      "version": "1.0.3",
      "resolved": "http://cipcentral-prod.be.net.intra/nexus/repository/BNPPF_NPM/sprintf-js/-/sprintf-js-1.0.3.tgz",
      "integrity": "sha1-BOaSb2YolTVPPdAVIDYzuFcpfiw=",
      "dev": true
    },
    "sshpk": {
      "version": "1.14.1",
      "resolved": "http://cipcentral-prod.be.net.intra/nexus/repository/BNPPF_NPM/sshpk/-/sshpk-1.14.1.tgz",
      "integrity": "sha1-Ew9Zde3a2WPx1W+SuaxsUfqfg+s=",
      "requires": {
        "asn1": "~0.2.3",
        "assert-plus": "^1.0.0",
        "bcrypt-pbkdf": "^1.0.0",
        "dashdash": "^1.12.0",
        "ecc-jsbn": "~0.1.1",
        "getpass": "^0.1.1",
        "jsbn": "~0.1.0",
        "tweetnacl": "~0.14.0"
      }
    },
    "stack-chain": {
      "version": "2.0.0",
      "resolved": "http://cipcentral-prod.be.net.intra/nexus/repository/BNPPF_NPM/stack-chain/-/stack-chain-2.0.0.tgz",
      "integrity": "sha512-GGrHXePi305aW7XQweYZZwiRwR7Js3MWoK/EHzzB9ROdc75nCnjSJVi21rdAGxFl+yCx2L2qdfl5y7NO4lTyqg==",
      "dev": true
    },
    "stack-generator": {
      "version": "2.0.3",
      "resolved": "http://cipcentral-prod.be.net.intra/nexus/repository/BNPPF_NPM/stack-generator/-/stack-generator-2.0.3.tgz",
      "integrity": "sha512-kdzGoqrnqsMxOEuXsXyQTmvWXZmG0f3Ql2GDx5NtmZs59sT2Bt9Vdyq0XdtxUi58q/+nxtbF9KOQ9HkV1QznGg==",
      "dev": true,
      "requires": {
        "stackframe": "^1.0.4"
      }
    },
    "stackframe": {
      "version": "1.0.4",
      "resolved": "http://cipcentral-prod.be.net.intra/nexus/repository/BNPPF_NPM/stackframe/-/stackframe-1.0.4.tgz",
      "integrity": "sha512-to7oADIniaYwS3MhtCa/sQhrxidCCQiF/qp4/m5iN3ipf0Y7Xlri0f6eG29r08aL7JYl8n32AF3Q5GYBZ7K8vw==",
      "dev": true
    },
    "stacktrace-gps": {
      "version": "3.0.2",
      "resolved": "http://cipcentral-prod.be.net.intra/nexus/repository/BNPPF_NPM/stacktrace-gps/-/stacktrace-gps-3.0.2.tgz",
      "integrity": "sha512-9o+nWhiz5wFnrB3hBHs2PTyYrS60M1vvpSzHxwxnIbtY2q9Nt51hZvhrG1+2AxD374ecwyS+IUwfkHRE/2zuGg==",
      "dev": true,
      "requires": {
        "source-map": "0.5.6",
        "stackframe": "^1.0.4"
      }
    },
    "stacktrace-js": {
      "version": "2.0.0",
      "resolved": "http://cipcentral-prod.be.net.intra/nexus/repository/BNPPF_NPM/stacktrace-js/-/stacktrace-js-2.0.0.tgz",
      "integrity": "sha1-d2ymRqlbxsayuQd2U2p/xyxt21g=",
      "dev": true,
      "requires": {
        "error-stack-parser": "^2.0.1",
        "stack-generator": "^2.0.1",
        "stacktrace-gps": "^3.0.1"
      }
    },
    "string-argv": {
      "version": "0.0.2",
      "resolved": "http://cipcentral-prod.be.net.intra/nexus/repository/BNPPF_NPM/string-argv/-/string-argv-0.0.2.tgz",
      "integrity": "sha1-2sMECGkMIfPDYwo/86BYd73L1zY=",
      "dev": true
    },
    "string_decoder": {
      "version": "1.1.1",
      "resolved": "http://cipcentral-prod.be.net.intra/nexus/repository/BNPPF_NPM/string_decoder/-/string_decoder-1.1.1.tgz",
      "integrity": "sha512-n/ShnvDi6FHbbVfviro+WojiFzv+s8MPMHBczVePfUpDJLwoLT0ht1l4YwBCbi8pJAveEEdnkHyPyTP/mzRfwg==",
      "requires": {
        "safe-buffer": "~5.1.0"
      }
    },
    "superagent": {
      "version": "2.3.0",
      "resolved": "http://cipcentral-prod.be.net.intra/nexus/repository/BNPPF_NPM/superagent/-/superagent-2.3.0.tgz",
      "integrity": "sha1-cDUpoHFOV+EjlZ3e+84ZOy5Q0RU=",
      "requires": {
        "component-emitter": "^1.2.0",
        "cookiejar": "^2.0.6",
        "debug": "^2.2.0",
        "extend": "^3.0.0",
        "form-data": "1.0.0-rc4",
        "formidable": "^1.0.17",
        "methods": "^1.1.1",
        "mime": "^1.3.4",
        "qs": "^6.1.0",
        "readable-stream": "^2.0.5"
      },
      "dependencies": {
        "form-data": {
          "version": "1.0.0-rc4",
          "resolved": "http://cipcentral-prod.be.net.intra/nexus/repository/BNPPF_NPM/form-data/-/form-data-1.0.0-rc4.tgz",
          "integrity": "sha1-BaxrwiIntD5EYfSIFhVUaZ1Pi14=",
          "requires": {
            "async": "^1.5.2",
            "combined-stream": "^1.0.5",
            "mime-types": "^2.1.10"
          }
        }
      }
    },
    "swagger-client": {
      "version": "2.1.13",
      "resolved": "http://cipcentral-prod.be.net.intra/nexus/repository/BNPPF_NPM/swagger-client/-/swagger-client-2.1.13.tgz",
      "integrity": "sha1-6rSiuzcYy2BBzlsOVx42k8yBN4w=",
      "dev": true,
      "requires": {
        "btoa": "^1.1.2",
        "cookiejar": "^2.0.1",
        "js-yaml": "^3.3.0",
        "lodash-compat": "^3.5.0",
        "q": "^1.4.1",
        "superagent": "^1.2"
      },
      "dependencies": {
        "extend": {
          "version": "3.0.0",
          "resolved": "http://cipcentral-prod.be.net.intra/nexus/repository/BNPPF_NPM/extend/-/extend-3.0.0.tgz",
          "integrity": "sha1-WkdDU7nzNT3dgXbf03uRyDpG8dQ=",
          "dev": true
        },
        "form-data": {
          "version": "1.0.0-rc3",
          "resolved": "http://cipcentral-prod.be.net.intra/nexus/repository/BNPPF_NPM/form-data/-/form-data-1.0.0-rc3.tgz",
          "integrity": "sha1-01vGLn+8KTeuePlIqqDTjZBgdXc=",
          "dev": true,
          "requires": {
            "async": "^1.4.0",
            "combined-stream": "^1.0.5",
            "mime-types": "^2.1.3"
          }
        },
        "formidable": {
          "version": "1.0.17",
          "resolved": "http://cipcentral-prod.be.net.intra/nexus/repository/BNPPF_NPM/formidable/-/formidable-1.0.17.tgz",
          "integrity": "sha1-71SRSQ+UM7cF+qdyScmQKa40hVk=",
          "dev": true
        },
        "isarray": {
          "version": "0.0.1",
          "resolved": "http://cipcentral-prod.be.net.intra/nexus/repository/BNPPF_NPM/isarray/-/isarray-0.0.1.tgz",
          "integrity": "sha1-ihis/Kmo9Bd+Cav8YDiTmwXR7t8=",
          "dev": true
        },
        "mime": {
          "version": "1.3.4",
          "resolved": "http://cipcentral-prod.be.net.intra/nexus/repository/BNPPF_NPM/mime/-/mime-1.3.4.tgz",
          "integrity": "sha1-EV+eO2s9rylZmDyzjxSaLUDrXVM=",
          "dev": true
        },
        "qs": {
          "version": "2.3.3",
          "resolved": "http://cipcentral-prod.be.net.intra/nexus/repository/BNPPF_NPM/qs/-/qs-2.3.3.tgz",
          "integrity": "sha1-6eha2+ddoLvkyOBHaghikPhjtAQ=",
          "dev": true
        },
        "readable-stream": {
          "version": "1.0.27-1",
          "resolved": "http://cipcentral-prod.be.net.intra/nexus/repository/BNPPF_NPM/readable-stream/-/readable-stream-1.0.27-1.tgz",
          "integrity": "sha1-a2eYPCA1fO/QfwFlABoW1xDZEHg=",
          "dev": true,
          "requires": {
            "core-util-is": "~1.0.0",
            "inherits": "~2.0.1",
            "isarray": "0.0.1",
            "string_decoder": "~0.10.x"
          }
        },
        "string_decoder": {
          "version": "0.10.31",
          "resolved": "http://cipcentral-prod.be.net.intra/nexus/repository/BNPPF_NPM/string_decoder/-/string_decoder-0.10.31.tgz",
          "integrity": "sha1-YuIDvEF2bGwoyfyEMB2rHFMQ+pQ=",
          "dev": true
        },
        "superagent": {
          "version": "1.8.5",
          "resolved": "http://cipcentral-prod.be.net.intra/nexus/repository/BNPPF_NPM/superagent/-/superagent-1.8.5.tgz",
          "integrity": "sha1-HA3cOvMOgOuE68BcshItqP6UC1U=",
          "dev": true,
          "requires": {
            "component-emitter": "~1.2.0",
            "cookiejar": "2.0.6",
            "debug": "2",
            "extend": "3.0.0",
            "form-data": "1.0.0-rc3",
            "formidable": "~1.0.14",
            "methods": "~1.1.1",
            "mime": "1.3.4",
            "qs": "2.3.3",
            "readable-stream": "1.0.27-1",
            "reduce-component": "1.0.1"
          },
          "dependencies": {
            "cookiejar": {
              "version": "2.0.6",
              "resolved": "http://cipcentral-prod.be.net.intra/nexus/repository/BNPPF_NPM/cookiejar/-/cookiejar-2.0.6.tgz",
              "integrity": "sha1-Cr81atANHFohnYjURRgEbdAmrP4=",
              "dev": true
            }
          }
        }
      }
    },
    "thenify": {
      "version": "3.3.0",
      "resolved": "http://cipcentral-prod.be.net.intra/nexus/repository/BNPPF_NPM/thenify/-/thenify-3.3.0.tgz",
      "integrity": "sha1-5p44obq+lpsBCCB5eLn2K4hgSDk=",
      "dev": true,
      "requires": {
        "any-promise": "^1.0.0"
      }
    },
    "thenify-all": {
      "version": "1.6.0",
      "resolved": "http://cipcentral-prod.be.net.intra/nexus/repository/BNPPF_NPM/thenify-all/-/thenify-all-1.6.0.tgz",
      "integrity": "sha1-GhkY1ALY/D+Y+/I02wvMjMEOlyY=",
      "dev": true,
      "requires": {
        "thenify": ">= 3.1.0 < 4"
      }
    },
    "title-case": {
      "version": "2.1.1",
      "resolved": "http://cipcentral-prod.be.net.intra/nexus/repository/BNPPF_NPM/title-case/-/title-case-2.1.1.tgz",
      "integrity": "sha1-PhJyFtpY0rxb7PE3q5Ha46fNj6o=",
      "dev": true,
      "requires": {
        "no-case": "^2.2.0",
        "upper-case": "^1.0.3"
      }
    },
    "tough-cookie": {
      "version": "2.3.4",
      "resolved": "http://cipcentral-prod.be.net.intra/nexus/repository/BNPPF_NPM/tough-cookie/-/tough-cookie-2.3.4.tgz",
      "integrity": "sha512-TZ6TTfI5NtZnuyy/Kecv+CnoROnyXn2DN97LontgQpCwsX2XyLYCC0ENhYkehSOwAp8rTQKc/NUIF7BkQ5rKLA==",
      "requires": {
        "punycode": "^1.4.1"
      }
    },
    "tunnel-agent": {
      "version": "0.6.0",
      "resolved": "http://cipcentral-prod.be.net.intra/nexus/repository/BNPPF_NPM/tunnel-agent/-/tunnel-agent-0.6.0.tgz",
      "integrity": "sha1-J6XeoGs2sEoKmWZ3SykIaPD8QP0=",
      "requires": {
        "safe-buffer": "^5.0.1"
      }
    },
    "tv4": {
      "version": "1.2.7",
      "resolved": "http://cipcentral-prod.be.net.intra/nexus/repository/BNPPF_NPM/tv4/-/tv4-1.2.7.tgz",
      "integrity": "sha1-vSk4mvxzreSa5fSBQrXVRL9o0SA="
    },
    "tweetnacl": {
      "version": "0.14.5",
      "resolved": "http://cipcentral-prod.be.net.intra/nexus/repository/BNPPF_NPM/tweetnacl/-/tweetnacl-0.14.5.tgz",
      "integrity": "sha1-WuaBd/GS1EViadEIr6k/+HQ/T2Q=",
      "optional": true
    },
    "type-detect": {
      "version": "1.0.0",
      "resolved": "http://cipcentral-prod.be.net.intra/nexus/repository/BNPPF_NPM/type-detect/-/type-detect-1.0.0.tgz",
      "integrity": "sha1-diIXzAbbJY7EiQihKY6LlRIejqI=",
      "dev": true
    },
    "underscore": {
      "version": "1.5.2",
      "resolved": "http://cipcentral-prod.be.net.intra/nexus/repository/BNPPF_NPM/underscore/-/underscore-1.5.2.tgz",
      "integrity": "sha1-EzXF5PXm0zu7SwBrqMhqAPVW3gg=",
      "dev": true
    },
    "upper-case": {
      "version": "1.1.3",
      "resolved": "http://cipcentral-prod.be.net.intra/nexus/repository/BNPPF_NPM/upper-case/-/upper-case-1.1.3.tgz",
      "integrity": "sha1-9rRQHC7EzdJrp4vnIilh3ndiFZg=",
      "dev": true
    },
    "util-arity": {
      "version": "1.1.0",
      "resolved": "http://cipcentral-prod.be.net.intra/nexus/repository/BNPPF_NPM/util-arity/-/util-arity-1.1.0.tgz",
      "integrity": "sha1-WdAa8f2z/t4KxOYysKtfbOl8kzA=",
      "dev": true
    },
    "util-deprecate": {
      "version": "1.0.2",
      "resolved": "http://cipcentral-prod.be.net.intra/nexus/repository/BNPPF_NPM/util-deprecate/-/util-deprecate-1.0.2.tgz",
      "integrity": "sha1-RQ1Nyfpw3nMnYvvS1KKJgUGaDM8="
    },
    "uuid": {
      "version": "3.2.1",
      "resolved": "http://cipcentral-prod.be.net.intra/nexus/repository/BNPPF_NPM/uuid/-/uuid-3.2.1.tgz",
      "integrity": "sha512-jZnMwlb9Iku/O3smGWvZhauCf6cvvpKi4BKRiliS3cxnI+Gz9j5MEpTz2UFuXiKPJocb7gnsLHwiS05ige5BEA=="
    },
    "verror": {
      "version": "1.10.0",
      "resolved": "http://cipcentral-prod.be.net.intra/nexus/repository/BNPPF_NPM/verror/-/verror-1.10.0.tgz",
      "integrity": "sha1-OhBcoXBTr1XW4nDB+CiGguGNpAA=",
      "requires": {
        "assert-plus": "^1.0.0",
        "core-util-is": "1.0.2",
        "extsprintf": "^1.2.0"
      }
    },
    "wrappy": {
      "version": "1.0.2",
      "resolved": "http://cipcentral-prod.be.net.intra/nexus/repository/BNPPF_NPM/wrappy/-/wrappy-1.0.2.tgz",
      "integrity": "sha1-tSQ9jz7BqjXxNkYFvA0QNuMKtp8=",
      "dev": true
    }
  }
}
