{
  "name": "api-testing",
  "version": "0.0.1",
  "lockfileVersion": 1,
  "requires": true,
  "dependencies": {
    "abbrev": {
      "version": "1.1.1",
      "resolved": "http://cipcentral-prod.be.net.intra/nexus/repository/BNPPF_NPM/abbrev/-/abbrev-1.1.1.tgz",
      "integrity": "sha512-nne9/IiQ/hzIhY6pdDnbBtz7DjPTKrY00P/zvPSm5pOFkl6xuGrGnXn/VtTNNfNtAfZ9/1RtehkszU9qcTii0Q==",
      "dev": true
    },
    "ajv": {
      "version": "5.5.2",
      "resolved": "http://cipcentral-prod.be.net.intra/nexus/repository/BNPPF_NPM/ajv/-/ajv-5.5.2.tgz",
      "integrity": "sha1-c7Xuyj+rZT49P5Qis0GtQiBdyWU=",
      "requires": {
        "co": "4.6.0",
        "fast-deep-equal": "1.1.0",
        "fast-json-stable-stringify": "2.0.0",
        "json-schema-traverse": "0.3.1"
      }
    },
    "argparse": {
      "version": "1.0.10",
      "resolved": "http://cipcentral-prod.be.net.intra/nexus/repository/BNPPF_NPM/argparse/-/argparse-1.0.10.tgz",
      "integrity": "sha512-o5Roy6tNG4SL/FOkCAN6RzjiakZS25RLYFrcMttJqbdd8BWrnA+fGz57iN5Pb06pvBGvl5gQ0B48dJlslXvoTg==",
      "dev": true,
      "requires": {
        "sprintf-js": "1.0.3"
      }
    },
    "asn1": {
      "version": "0.2.3",
      "resolved": "http://cipcentral-prod.be.net.intra/nexus/repository/BNPPF_NPM/asn1/-/asn1-0.2.3.tgz",
      "integrity": "sha1-2sh4dxPJlmhJ/IGAd36+nB3fO4Y="
    },
    "assert-plus": {
      "version": "1.0.0",
      "resolved": "http://cipcentral-prod.be.net.intra/nexus/repository/BNPPF_NPM/assert-plus/-/assert-plus-1.0.0.tgz",
      "integrity": "sha1-8S4PPF13sLHN2RRpQuTpbB5N1SU="
    },
    "assertion-error": {
      "version": "1.1.0",
      "resolved": "http://cipcentral-prod.be.net.intra/nexus/repository/BNPPF_NPM/assertion-error/-/assertion-error-1.1.0.tgz",
      "integrity": "sha512-jgsaNduz+ndvGyFt3uSuWqvy4lCnIJiovtouQN5JZHOKCS2QuhEdbcQHFhVksz2N2U9hXJo8odG7ETyWlEeuDw==",
      "dev": true
    },
    "async": {
      "version": "1.5.2",
      "resolved": "http://cipcentral-prod.be.net.intra/nexus/repository/BNPPF_NPM/async/-/async-1.5.2.tgz",
      "integrity": "sha1-7GphrlZIDAw8skHJVhjiCJL5Zyo="
    },
    "asynckit": {
      "version": "0.4.0",
      "resolved": "http://cipcentral-prod.be.net.intra/nexus/repository/BNPPF_NPM/asynckit/-/asynckit-0.4.0.tgz",
      "integrity": "sha1-x57Zf380y48robyXkLzDZkdLS3k="
    },
    "aws-sign2": {
      "version": "0.7.0",
      "resolved": "http://cipcentral-prod.be.net.intra/nexus/repository/BNPPF_NPM/aws-sign2/-/aws-sign2-0.7.0.tgz",
      "integrity": "sha1-tG6JCTSpWR8tL2+G1+ap8bP+dqg="
    },
    "aws4": {
      "version": "1.7.0",
      "resolved": "http://cipcentral-prod.be.net.intra/nexus/repository/BNPPF_NPM/aws4/-/aws4-1.7.0.tgz",
      "integrity": "sha512-32NDda82rhwD9/JBCCkB+MRYDp0oSvlo2IL6rQWA10PQi7tDUM3eqMSltXmY+Oyl/7N3P3qNtAlv7X0d9bI28w=="
    },
    "bcrypt-pbkdf": {
      "version": "1.0.2",
      "resolved": "http://cipcentral-prod.be.net.intra/nexus/repository/BNPPF_NPM/bcrypt-pbkdf/-/bcrypt-pbkdf-1.0.2.tgz",
      "integrity": "sha1-pDAdOJtqQ/m2f/PKEaP2Y342Dp4=",
      "optional": true,
      "requires": {
        "tweetnacl": "0.14.5"
      }
    },
    "bluebird": {
      "version": "3.5.1",
      "resolved": "http://cipcentral-prod.be.net.intra/nexus/repository/BNPPF_NPM/bluebird/-/bluebird-3.5.1.tgz",
      "integrity": "sha512-MKiLiV+I1AA596t9w1sQJ8jkiSr5+ZKi0WKrYGUn6d1Fx+Ij4tIj+m2WMQSGczs5jZVxV339chE8iwk6F64wjA=="
    },
    "btoa": {
      "version": "1.2.1",
      "resolved": "http://cipcentral-prod.be.net.intra/nexus/repository/BNPPF_NPM/btoa/-/btoa-1.2.1.tgz",
      "integrity": "sha512-SB4/MIGlsiVkMcHmT+pSmIPoNDoHg+7cMzmt3Uxt628MTz2487DKSqK/fuhFBrkuqrYv5UCEnACpF4dTFNKc/g==",
      "dev": true
    },
    "caseless": {
      "version": "0.12.0",
      "resolved": "http://cipcentral-prod.be.net.intra/nexus/repository/BNPPF_NPM/caseless/-/caseless-0.12.0.tgz",
      "integrity": "sha1-G2gcIf+EAzyCZUMJBolCDRhxUdw="
    },
    "chai": {
      "version": "3.5.0",
      "resolved": "http://cipcentral-prod.be.net.intra/nexus/repository/BNPPF_NPM/chai/-/chai-3.5.0.tgz",
      "integrity": "sha1-TQJjewZ/6Vi9v906QOxW/vc3Mkc=",
      "dev": true,
      "requires": {
        "assertion-error": "1.1.0",
        "deep-eql": "0.1.3",
        "type-detect": "1.0.0"
      }
    },
    "co": {
      "version": "4.6.0",
      "resolved": "http://cipcentral-prod.be.net.intra/nexus/repository/BNPPF_NPM/co/-/co-4.6.0.tgz",
      "integrity": "sha1-bqa989hTrlTMuOR7+gvz+QMfsYQ="
    },
    "colors": {
      "version": "1.1.2",
      "resolved": "http://cipcentral-prod.be.net.intra/nexus/repository/BNPPF_NPM/colors/-/colors-1.1.2.tgz",
      "integrity": "sha1-FopHAXVran9RoSzgyXv6KMCE7WM=",
      "dev": true
    },
    "combined-stream": {
      "version": "1.0.6",
      "resolved": "http://cipcentral-prod.be.net.intra/nexus/repository/BNPPF_NPM/combined-stream/-/combined-stream-1.0.6.tgz",
      "integrity": "sha1-cj599ugBrFYTETp+RFqbactjKBg=",
      "requires": {
        "delayed-stream": "1.0.0"
      }
    },
    "component-emitter": {
      "version": "1.2.1",
      "resolved": "http://cipcentral-prod.be.net.intra/nexus/repository/BNPPF_NPM/component-emitter/-/component-emitter-1.2.1.tgz",
      "integrity": "sha1-E3kY1teCg/ffemt8WmPhQOaUJeY="
    },
    "cookiejar": {
      "version": "2.1.2",
      "resolved": "http://cipcentral-prod.be.net.intra/nexus/repository/BNPPF_NPM/cookiejar/-/cookiejar-2.1.2.tgz",
      "integrity": "sha512-Mw+adcfzPxcPeI+0WlvRrr/3lGVO0bD75SxX6811cxSh1Wbxx7xZBGK1eVtDf6si8rg2lhnUjsVLMFMfbRIuwA=="
    },
    "core-util-is": {
      "version": "1.0.2",
      "resolved": "http://cipcentral-prod.be.net.intra/nexus/repository/BNPPF_NPM/core-util-is/-/core-util-is-1.0.2.tgz",
      "integrity": "sha1-tf1UIgqivFq1eqtxQMlAdUUDwac="
    },
    "cucumber": {
      "version": "0.8.1",
      "resolved": "http://cipcentral-prod.be.net.intra/nexus/repository/BNPPF_NPM/cucumber/-/cucumber-0.8.1.tgz",
      "integrity": "sha1-pgpaafEtFXxqWZgS0Fgbh+5xCfc=",
      "dev": true,
      "requires": {
        "colors": "1.1.2",
        "cucumber-html": "0.2.3",
        "duration": "0.2.0",
        "gherkin": "2.12.2",
        "nopt": "3.0.4",
        "stack-chain": "1.3.3",
        "underscore": "1.8.3",
        "underscore.string": "3.2.2",
        "walkdir": "0.0.10"
      },
      "dependencies": {
        "underscore": {
          "version": "1.8.3",
          "resolved": "http://cipcentral-prod.be.net.intra/nexus/repository/BNPPF_NPM/underscore/-/underscore-1.8.3.tgz",
          "integrity": "sha1-Tz+1OxBuYJf8+ctBCfKl6b36UCI=",
          "dev": true
        }
      }
    },
    "cucumber-html": {
      "version": "0.2.3",
      "resolved": "http://cipcentral-prod.be.net.intra/nexus/repository/BNPPF_NPM/cucumber-html/-/cucumber-html-0.2.3.tgz",
      "integrity": "sha1-eyqf7SFXLF0l1L1MvHU3onKxapM=",
      "dev": true
    },
    "d": {
      "version": "0.1.1",
      "resolved": "http://cipcentral-prod.be.net.intra/nexus/repository/BNPPF_NPM/d/-/d-0.1.1.tgz",
      "integrity": "sha1-2hhMU10Y2O57oqoim5FACfrhEwk=",
      "dev": true,
      "requires": {
        "es5-ext": "0.10.45"
      }
    },
    "dashdash": {
      "version": "1.14.1",
      "resolved": "http://cipcentral-prod.be.net.intra/nexus/repository/BNPPF_NPM/dashdash/-/dashdash-1.14.1.tgz",
      "integrity": "sha1-hTz6D3y+L+1d4gMmuN1YEDX24vA=",
      "requires": {
        "assert-plus": "1.0.0"
      }
    },
    "debug": {
      "version": "2.6.9",
      "resolved": "http://cipcentral-prod.be.net.intra/nexus/repository/BNPPF_NPM/debug/-/debug-2.6.9.tgz",
      "integrity": "sha512-bC7ElrdJaJnPbAP+1EotYvqZsb3ecl5wi6Bfi6BJTUcNowp6cvspg0jXznRTKDjm/E7AdgFBVeAPVMNcKGsHMA==",
      "requires": {
        "ms": "2.0.0"
      }
    },
    "deep-eql": {
      "version": "0.1.3",
      "resolved": "http://cipcentral-prod.be.net.intra/nexus/repository/BNPPF_NPM/deep-eql/-/deep-eql-0.1.3.tgz",
      "integrity": "sha1-71WKyrjeJSBs1xOQbXTlaTDrafI=",
      "dev": true,
      "requires": {
        "type-detect": "0.1.1"
      },
      "dependencies": {
        "type-detect": {
          "version": "0.1.1",
          "resolved": "http://cipcentral-prod.be.net.intra/nexus/repository/BNPPF_NPM/type-detect/-/type-detect-0.1.1.tgz",
          "integrity": "sha1-C6XsKohWQORw6k6FBZcZANrFiCI=",
          "dev": true
        }
      }
    },
    "delayed-stream": {
      "version": "1.0.0",
      "resolved": "http://cipcentral-prod.be.net.intra/nexus/repository/BNPPF_NPM/delayed-stream/-/delayed-stream-1.0.0.tgz",
      "integrity": "sha1-3zrhmayt+31ECqrgsp4icrJOxhk="
    },
    "duration": {
      "version": "0.2.0",
      "resolved": "http://cipcentral-prod.be.net.intra/nexus/repository/BNPPF_NPM/duration/-/duration-0.2.0.tgz",
      "integrity": "sha1-X5xN+q//ZV3phhEu/iXFl43YUUY=",
      "dev": true,
      "requires": {
        "d": "0.1.1",
        "es5-ext": "0.10.45"
      }
    },
    "ecc-jsbn": {
      "version": "0.1.1",
      "resolved": "http://cipcentral-prod.be.net.intra/nexus/repository/BNPPF_NPM/ecc-jsbn/-/ecc-jsbn-0.1.1.tgz",
      "integrity": "sha1-D8c6ntXw1Tw4GTOYUj735UN3dQU=",
      "optional": true,
      "requires": {
        "jsbn": "0.1.1"
      }
    },
    "es5-ext": {
      "version": "0.10.45",
      "resolved": "http://cipcentral-prod.be.net.intra/nexus/repository/BNPPF_NPM/es5-ext/-/es5-ext-0.10.45.tgz",
      "integrity": "sha512-FkfM6Vxxfmztilbxxz5UKSD4ICMf5tSpRFtDNtkAhOxZ0EKtX6qwmXNyH/sFyIbX2P/nU5AMiA9jilWsUGJzCQ==",
      "dev": true,
      "requires": {
        "es6-iterator": "2.0.3",
        "es6-symbol": "3.1.1",
        "next-tick": "1.0.0"
      }
    },
    "es6-iterator": {
      "version": "2.0.3",
      "resolved": "http://cipcentral-prod.be.net.intra/nexus/repository/BNPPF_NPM/es6-iterator/-/es6-iterator-2.0.3.tgz",
      "integrity": "sha1-p96IkUGgWpSwhUQDstCg+/qY87c=",
      "dev": true,
      "requires": {
        "d": "1.0.0",
        "es5-ext": "0.10.45",
        "es6-symbol": "3.1.1"
      },
      "dependencies": {
        "d": {
          "version": "1.0.0",
          "resolved": "http://cipcentral-prod.be.net.intra/nexus/repository/BNPPF_NPM/d/-/d-1.0.0.tgz",
          "integrity": "sha1-dUu1v+VUUdpppYuU1F9MWwRi1Y8=",
          "dev": true,
          "requires": {
            "es5-ext": "0.10.45"
          }
        }
      }
    },
    "es6-symbol": {
      "version": "3.1.1",
      "resolved": "http://cipcentral-prod.be.net.intra/nexus/repository/BNPPF_NPM/es6-symbol/-/es6-symbol-3.1.1.tgz",
      "integrity": "sha1-vwDvT9q2uhtG7Le2KbTH7VcVzHc=",
      "dev": true,
      "requires": {
        "d": "1.0.0",
        "es5-ext": "0.10.45"
      },
      "dependencies": {
        "d": {
          "version": "1.0.0",
          "resolved": "http://cipcentral-prod.be.net.intra/nexus/repository/BNPPF_NPM/d/-/d-1.0.0.tgz",
          "integrity": "sha1-dUu1v+VUUdpppYuU1F9MWwRi1Y8=",
          "dev": true,
          "requires": {
            "es5-ext": "0.10.45"
          }
        }
      }
    },
    "esprima": {
      "version": "4.0.1",
      "resolved": "http://cipcentral-prod.be.net.intra/nexus/repository/BNPPF_NPM/esprima/-/esprima-4.0.1.tgz",
      "integrity": "sha512-eGuFFw7Upda+g4p+QHvnW0RyTX/SVeJBDM/gCtMARO0cLuT2HcEKnTPvhjV6aGeqrCB/sbNop0Kszm0jsaWU4A==",
      "dev": true
    },
    "extend": {
      "version": "3.0.1",
      "resolved": "http://cipcentral-prod.be.net.intra/nexus/repository/BNPPF_NPM/extend/-/extend-3.0.1.tgz",
      "integrity": "sha1-p1Xqe8Gt/MWjHOfnYtuq3F5jZEQ="
    },
    "extsprintf": {
      "version": "1.3.0",
      "resolved": "http://cipcentral-prod.be.net.intra/nexus/repository/BNPPF_NPM/extsprintf/-/extsprintf-1.3.0.tgz",
      "integrity": "sha1-lpGEQOMEGnpBT4xS48V06zw+HgU="
    },
    "fast-deep-equal": {
      "version": "1.1.0",
      "resolved": "http://cipcentral-prod.be.net.intra/nexus/repository/BNPPF_NPM/fast-deep-equal/-/fast-deep-equal-1.1.0.tgz",
      "integrity": "sha1-wFNHeBfIa1HaqFPIHgWbcz0CNhQ="
    },
    "fast-json-stable-stringify": {
      "version": "2.0.0",
      "resolved": "http://cipcentral-prod.be.net.intra/nexus/repository/BNPPF_NPM/fast-json-stable-stringify/-/fast-json-stable-stringify-2.0.0.tgz",
      "integrity": "sha1-1RQsDK7msRifh9OnYREGT4bIu/I="
    },
    "forever-agent": {
      "version": "0.6.1",
      "resolved": "http://cipcentral-prod.be.net.intra/nexus/repository/BNPPF_NPM/forever-agent/-/forever-agent-0.6.1.tgz",
      "integrity": "sha1-+8cfDEGt6zf5bFd60e1C2P2sypE="
    },
    "form-data": {
      "version": "2.3.2",
      "resolved": "http://cipcentral-prod.be.net.intra/nexus/repository/BNPPF_NPM/form-data/-/form-data-2.3.2.tgz",
      "integrity": "sha1-SXBJi+YEwgwAXU9cI67NIda0kJk=",
      "requires": {
        "asynckit": "0.4.0",
        "combined-stream": "1.0.6",
        "mime-types": "2.1.19"
      }
    },
    "formidable": {
      "version": "1.2.1",
      "resolved": "http://cipcentral-prod.be.net.intra/nexus/repository/BNPPF_NPM/formidable/-/formidable-1.2.1.tgz",
      "integrity": "sha512-Fs9VRguL0gqGHkXS5GQiMCr1VhZBxz0JnJs4JmMp/2jL18Fmbzvv7vOFRU+U8TBkHEE/CX1qDXzJplVULgsLeg=="
    },
    "getpass": {
      "version": "0.1.7",
      "resolved": "http://cipcentral-prod.be.net.intra/nexus/repository/BNPPF_NPM/getpass/-/getpass-0.1.7.tgz",
      "integrity": "sha1-Xv+OPmhNVprkyysSgmBOi6YhSfo=",
      "requires": {
        "assert-plus": "1.0.0"
      }
    },
    "gherkin": {
      "version": "2.12.2",
      "resolved": "http://cipcentral-prod.be.net.intra/nexus/repository/BNPPF_NPM/gherkin/-/gherkin-2.12.2.tgz",
      "integrity": "sha1-PHRUfkZhNKDvg/YUsa38SJtw3GI=",
      "dev": true
    },
    "har-schema": {
      "version": "2.0.0",
      "resolved": "http://cipcentral-prod.be.net.intra/nexus/repository/BNPPF_NPM/har-schema/-/har-schema-2.0.0.tgz",
      "integrity": "sha1-qUwiJOvKwEeCoNkDVSHyRzW37JI="
    },
    "har-validator": {
      "version": "5.0.3",
      "resolved": "http://cipcentral-prod.be.net.intra/nexus/repository/BNPPF_NPM/har-validator/-/har-validator-5.0.3.tgz",
      "integrity": "sha1-ukAsJmGU8VlW7xXg/PJCmT9qff0=",
      "requires": {
        "ajv": "5.5.2",
        "har-schema": "2.0.0"
      }
    },
    "http-signature": {
      "version": "1.2.0",
      "resolved": "http://cipcentral-prod.be.net.intra/nexus/repository/BNPPF_NPM/http-signature/-/http-signature-1.2.0.tgz",
      "integrity": "sha1-muzZJRFHcvPZW2WmCruPfBj7rOE=",
      "requires": {
        "assert-plus": "1.0.0",
        "jsprim": "1.4.1",
        "sshpk": "1.14.2"
      }
    },
    "inherits": {
      "version": "2.0.3",
      "resolved": "http://cipcentral-prod.be.net.intra/nexus/repository/BNPPF_NPM/inherits/-/inherits-2.0.3.tgz",
      "integrity": "sha1-Yzwsg+PaQqUC9SRmAiSA9CCCYd4="
    },
    "is-typedarray": {
      "version": "1.0.0",
      "resolved": "http://cipcentral-prod.be.net.intra/nexus/repository/BNPPF_NPM/is-typedarray/-/is-typedarray-1.0.0.tgz",
      "integrity": "sha1-5HnICFjfDBsR3dppQPlgEfzaSpo="
    },
    "isarray": {
      "version": "1.0.0",
      "resolved": "http://cipcentral-prod.be.net.intra/nexus/repository/BNPPF_NPM/isarray/-/isarray-1.0.0.tgz",
      "integrity": "sha1-u5NdSFgsuhaMBoNJV6VKPgcSTxE="
    },
    "isstream": {
      "version": "0.1.2",
      "resolved": "http://cipcentral-prod.be.net.intra/nexus/repository/BNPPF_NPM/isstream/-/isstream-0.1.2.tgz",
      "integrity": "sha1-R+Y/evVa+m+S4VAOaQ64uFKcCZo="
    },
    "js-yaml": {
      "version": "3.12.0",
      "resolved": "http://cipcentral-prod.be.net.intra/nexus/repository/BNPPF_NPM/js-yaml/-/js-yaml-3.12.0.tgz",
      "integrity": "sha512-PIt2cnwmPfL4hKNwqeiuz4bKfnzHTBv6HyVgjahA6mPLwPDzjDWrplJBMjHUFxku/N3FlmrbyPclad+I+4mJ3A==",
      "dev": true,
      "requires": {
        "argparse": "1.0.10",
        "esprima": "4.0.1"
      }
    },
    "jsbn": {
      "version": "0.1.1",
      "resolved": "http://cipcentral-prod.be.net.intra/nexus/repository/BNPPF_NPM/jsbn/-/jsbn-0.1.1.tgz",
      "integrity": "sha1-peZUwuWi3rXyAdls77yoDA7y9RM=",
      "optional": true
    },
    "json-schema": {
      "version": "0.2.3",
      "resolved": "http://cipcentral-prod.be.net.intra/nexus/repository/BNPPF_NPM/json-schema/-/json-schema-0.2.3.tgz",
      "integrity": "sha1-tIDIkuWaLwWVTOcnvT8qTogvnhM="
    },
    "json-schema-traverse": {
      "version": "0.3.1",
      "resolved": "http://cipcentral-prod.be.net.intra/nexus/repository/BNPPF_NPM/json-schema-traverse/-/json-schema-traverse-0.3.1.tgz",
      "integrity": "sha1-NJptRMU6Ud6JtAgFxdXlm0F9M0A="
    },
    "json-stringify-safe": {
      "version": "5.0.1",
      "resolved": "http://cipcentral-prod.be.net.intra/nexus/repository/BNPPF_NPM/json-stringify-safe/-/json-stringify-safe-5.0.1.tgz",
      "integrity": "sha1-Epai1Y/UXxmg9s4B1lcB4sc1tus="
    },
    "jsprim": {
      "version": "1.4.1",
      "resolved": "http://cipcentral-prod.be.net.intra/nexus/repository/BNPPF_NPM/jsprim/-/jsprim-1.4.1.tgz",
      "integrity": "sha1-MT5mvB5cwG5Di8G3SZwuXFastqI=",
      "requires": {
        "assert-plus": "1.0.0",
        "extsprintf": "1.3.0",
        "json-schema": "0.2.3",
        "verror": "1.10.0"
      }
    },
    "lodash": {
      "version": "4.17.10",
      "resolved": "http://cipcentral-prod.be.net.intra/nexus/repository/BNPPF_NPM/lodash/-/lodash-4.17.10.tgz",
      "integrity": "sha512-UejweD1pDoXu+AD825lWwp4ZGtSwgnpZxb3JDViD7StjQz+Nb/6l093lx4OQ0foGWNRoc19mWy7BzL+UAK2iVg=="
    },
    "lodash-compat": {
      "version": "3.10.2",
      "resolved": "http://cipcentral-prod.be.net.intra/nexus/repository/BNPPF_NPM/lodash-compat/-/lodash-compat-3.10.2.tgz",
      "integrity": "sha1-xpQBKKnTD46QLNLPmf0Muk7PwYM=",
      "dev": true
    },
    "methods": {
      "version": "1.1.2",
      "resolved": "http://cipcentral-prod.be.net.intra/nexus/repository/BNPPF_NPM/methods/-/methods-1.1.2.tgz",
      "integrity": "sha1-VSmk1nZUE07cxSZmVoNbD4Ua/O4="
    },
    "mime": {
      "version": "1.6.0",
      "resolved": "http://cipcentral-prod.be.net.intra/nexus/repository/BNPPF_NPM/mime/-/mime-1.6.0.tgz",
      "integrity": "sha512-x0Vn8spI+wuJ1O6S7gnbaQg8Pxh4NNHb7KSINmEWKiPE4RKOplvijn+NkmYmmRgP68mc70j2EbeTFRsrswaQeg=="
    },
    "mime-db": {
      "version": "1.35.0",
      "resolved": "http://cipcentral-prod.be.net.intra/nexus/repository/BNPPF_NPM/mime-db/-/mime-db-1.35.0.tgz",
      "integrity": "sha512-JWT/IcCTsB0Io3AhWUMjRqucrHSPsSf2xKLaRldJVULioggvkJvggZ3VXNNSRkCddE6D+BUI4HEIZIA2OjwIvg=="
    },
    "mime-types": {
      "version": "2.1.19",
      "resolved": "http://cipcentral-prod.be.net.intra/nexus/repository/BNPPF_NPM/mime-types/-/mime-types-2.1.19.tgz",
      "integrity": "sha512-P1tKYHVSZ6uFo26mtnve4HQFE3koh1UWVkp8YUC+ESBHe945xWSoXuHHiGarDqcEZ+whpCDnlNw5LON0kLo+sw==",
      "requires": {
        "mime-db": "1.35.0"
      }
    },
    "ms": {
      "version": "2.0.0",
      "resolved": "http://cipcentral-prod.be.net.intra/nexus/repository/BNPPF_NPM/ms/-/ms-2.0.0.tgz",
      "integrity": "sha1-VgiurfwAvmwpAd9fmGF4jeDVl8g="
    },
    "next-tick": {
      "version": "1.0.0",
      "resolved": "http://cipcentral-prod.be.net.intra/nexus/repository/BNPPF_NPM/next-tick/-/next-tick-1.0.0.tgz",
      "integrity": "sha1-yobR/ogoFpsBICCOPchCS524NCw=",
      "dev": true
    },
    "nopt": {
      "version": "3.0.4",
      "resolved": "http://cipcentral-prod.be.net.intra/nexus/repository/BNPPF_NPM/nopt/-/nopt-3.0.4.tgz",
      "integrity": "sha1-3WO8nHKm5Ohbhc3AyjFFmPrO3l4=",
      "dev": true,
      "requires": {
        "abbrev": "1.1.1"
      }
    },
    "oauth-sign": {
      "version": "0.8.2",
      "resolved": "http://cipcentral-prod.be.net.intra/nexus/repository/BNPPF_NPM/oauth-sign/-/oauth-sign-0.8.2.tgz",
      "integrity": "sha1-Rqarfwrq2N6unsBWV4C31O/rnUM="
    },
    "performance-now": {
      "version": "2.1.0",
      "resolved": "http://cipcentral-prod.be.net.intra/nexus/repository/BNPPF_NPM/performance-now/-/performance-now-2.1.0.tgz",
      "integrity": "sha1-Ywn04OX6kT7BxpMHrjZLSzd8nns="
    },
    "process-nextick-args": {
      "version": "2.0.0",
      "resolved": "http://cipcentral-prod.be.net.intra/nexus/repository/BNPPF_NPM/process-nextick-args/-/process-nextick-args-2.0.0.tgz",
      "integrity": "sha512-MtEC1TqN0EU5nephaJ4rAtThHtC86dNN9qCuEhtshvpVBkAW5ZO7BASN9REnF9eoXGcRub+pFuKEpOHE+HbEMw=="
    },
    "punycode": {
      "version": "1.4.1",
      "resolved": "http://cipcentral-prod.be.net.intra/nexus/repository/BNPPF_NPM/punycode/-/punycode-1.4.1.tgz",
      "integrity": "sha1-wNWmOycYgArY4esPpSachN1BhF4="
    },
    "q": {
      "version": "1.5.1",
      "resolved": "http://cipcentral-prod.be.net.intra/nexus/repository/BNPPF_NPM/q/-/q-1.5.1.tgz",
      "integrity": "sha1-fjL3W0E4EpHQRhHxvxQQmsAGUdc=",
      "dev": true
    },
    "qs": {
      "version": "6.5.2",
      "resolved": "http://cipcentral-prod.be.net.intra/nexus/repository/BNPPF_NPM/qs/-/qs-6.5.2.tgz",
      "integrity": "sha512-N5ZAX4/LxJmF+7wN74pUD6qAh9/wnvdQcjq9TZjevvXzSUo7bfmw91saqMjzGS2xq91/odN2dW/WOl7qQHNDGA=="
    },
    "readable-stream": {
      "version": "2.3.6",
      "resolved": "http://cipcentral-prod.be.net.intra/nexus/repository/BNPPF_NPM/readable-stream/-/readable-stream-2.3.6.tgz",
      "integrity": "sha512-tQtKA9WIAhBF3+VLAseyMqZeBjW0AHJoxOtYqSUZNJxauErmLbVm2FW1y+J/YA9dUrAC39ITejlZWhVIwawkKw==",
      "requires": {
        "core-util-is": "1.0.2",
        "inherits": "2.0.3",
        "isarray": "1.0.0",
        "process-nextick-args": "2.0.0",
        "safe-buffer": "5.1.2",
        "string_decoder": "1.1.1",
        "util-deprecate": "1.0.2"
      }
    },
    "reduce-component": {
      "version": "1.0.1",
      "resolved": "http://cipcentral-prod.be.net.intra/nexus/repository/BNPPF_NPM/reduce-component/-/reduce-component-1.0.1.tgz",
      "integrity": "sha1-4Mk1QsV0UhvqE98PlIjtgqt3xdo=",
      "dev": true
    },
    "request": {
      "version": "2.87.0",
      "resolved": "http://cipcentral-prod.be.net.intra/nexus/repository/BNPPF_NPM/request/-/request-2.87.0.tgz",
      "integrity": "sha512-fcogkm7Az5bsS6Sl0sibkbhcKsnyon/jV1kF3ajGmF0c8HrttdKTPRT9hieOaQHA5HEq6r8OyWOo/o781C1tNw==",
      "requires": {
        "aws-sign2": "0.7.0",
        "aws4": "1.7.0",
        "caseless": "0.12.0",
        "combined-stream": "1.0.6",
        "extend": "3.0.1",
        "forever-agent": "0.6.1",
        "form-data": "2.3.2",
        "har-validator": "5.0.3",
        "http-signature": "1.2.0",
        "is-typedarray": "1.0.0",
        "isstream": "0.1.2",
        "json-stringify-safe": "5.0.1",
        "mime-types": "2.1.19",
        "oauth-sign": "0.8.2",
        "performance-now": "2.1.0",
        "qs": "6.5.2",
        "safe-buffer": "5.1.2",
        "tough-cookie": "2.3.4",
        "tunnel-agent": "0.6.0",
        "uuid": "3.3.2"
      }
    },
    "request-promise": {
      "version": "3.0.0",
      "resolved": "http://cipcentral-prod.be.net.intra/nexus/repository/BNPPF_NPM/request-promise/-/request-promise-3.0.0.tgz",
      "integrity": "sha1-vh7bJvQcSc0dVlbGdT1oQqEkn0Y=",
      "requires": {
        "bluebird": "3.5.1",
        "lodash": "4.17.10",
        "request": "2.87.0"
      }
    },
    "safe-buffer": {
      "version": "5.1.2",
      "resolved": "http://cipcentral-prod.be.net.intra/nexus/repository/BNPPF_NPM/safe-buffer/-/safe-buffer-5.1.2.tgz",
      "integrity": "sha512-Gd2UZBJDkXlY7GbJxfsE8/nvKkUEU1G38c1siN6QP6a9PT9MmHB8GnpscSmMJSoF8LOIrt8ud/wPtojys4G6+g=="
    },
    "safer-buffer": {
      "version": "2.1.2",
      "resolved": "http://cipcentral-prod.be.net.intra/nexus/repository/BNPPF_NPM/safer-buffer/-/safer-buffer-2.1.2.tgz",
      "integrity": "sha512-YZo3K82SD7Riyi0E1EQPojLz7kpepnSQI9IyPbHHg1XXXevb5dJI7tpyN2ADxGcQbHG7vcyRHk0cbwqcQriUtg=="
    },
    "sprintf-js": {
      "version": "1.0.3",
      "resolved": "http://cipcentral-prod.be.net.intra/nexus/repository/BNPPF_NPM/sprintf-js/-/sprintf-js-1.0.3.tgz",
      "integrity": "sha1-BOaSb2YolTVPPdAVIDYzuFcpfiw=",
      "dev": true
    },
    "sshpk": {
      "version": "1.14.2",
      "resolved": "http://cipcentral-prod.be.net.intra/nexus/repository/BNPPF_NPM/sshpk/-/sshpk-1.14.2.tgz",
      "integrity": "sha1-xvxhZIo9nE52T9P8306hBeSSupg=",
      "requires": {
        "asn1": "0.2.3",
        "assert-plus": "1.0.0",
        "bcrypt-pbkdf": "1.0.2",
        "dashdash": "1.14.1",
        "ecc-jsbn": "0.1.1",
        "getpass": "0.1.7",
        "jsbn": "0.1.1",
        "safer-buffer": "2.1.2",
        "tweetnacl": "0.14.5"
      }
    },
    "stack-chain": {
      "version": "1.3.3",
      "resolved": "http://cipcentral-prod.be.net.intra/nexus/repository/BNPPF_NPM/stack-chain/-/stack-chain-1.3.3.tgz",
      "integrity": "sha1-8pZpFivT40NXMzNxAbva6hzegxo=",
      "dev": true
    },
    "string_decoder": {
      "version": "1.1.1",
      "resolved": "http://cipcentral-prod.be.net.intra/nexus/repository/BNPPF_NPM/string_decoder/-/string_decoder-1.1.1.tgz",
      "integrity": "sha512-n/ShnvDi6FHbbVfviro+WojiFzv+s8MPMHBczVePfUpDJLwoLT0ht1l4YwBCbi8pJAveEEdnkHyPyTP/mzRfwg==",
      "requires": {
        "safe-buffer": "5.1.2"
      }
    },
    "superagent": {
      "version": "2.3.0",
      "resolved": "http://cipcentral-prod.be.net.intra/nexus/repository/BNPPF_NPM/superagent/-/superagent-2.3.0.tgz",
      "integrity": "sha1-cDUpoHFOV+EjlZ3e+84ZOy5Q0RU=",
      "requires": {
        "component-emitter": "1.2.1",
        "cookiejar": "2.1.2",
        "debug": "2.6.9",
        "extend": "3.0.1",
        "form-data": "1.0.0-rc4",
        "formidable": "1.2.1",
        "methods": "1.1.2",
        "mime": "1.6.0",
        "qs": "6.5.2",
        "readable-stream": "2.3.6"
      },
      "dependencies": {
        "form-data": {
          "version": "1.0.0-rc4",
          "resolved": "http://cipcentral-prod.be.net.intra/nexus/repository/BNPPF_NPM/form-data/-/form-data-1.0.0-rc4.tgz",
          "integrity": "sha1-BaxrwiIntD5EYfSIFhVUaZ1Pi14=",
          "requires": {
            "async": "1.5.2",
            "combined-stream": "1.0.6",
            "mime-types": "2.1.19"
          }
        }
      }
    },
    "swagger-client": {
      "version": "2.1.13",
      "resolved": "http://cipcentral-prod.be.net.intra/nexus/repository/BNPPF_NPM/swagger-client/-/swagger-client-2.1.13.tgz",
      "integrity": "sha1-6rSiuzcYy2BBzlsOVx42k8yBN4w=",
      "dev": true,
      "requires": {
        "btoa": "1.2.1",
        "cookiejar": "2.1.2",
        "js-yaml": "3.12.0",
        "lodash-compat": "3.10.2",
        "q": "1.5.1",
        "superagent": "1.8.5"
      },
      "dependencies": {
        "extend": {
          "version": "3.0.0",
          "resolved": "http://cipcentral-prod.be.net.intra/nexus/repository/BNPPF_NPM/extend/-/extend-3.0.0.tgz",
          "integrity": "sha1-WkdDU7nzNT3dgXbf03uRyDpG8dQ=",
          "dev": true
        },
        "form-data": {
          "version": "1.0.0-rc3",
          "resolved": "http://cipcentral-prod.be.net.intra/nexus/repository/BNPPF_NPM/form-data/-/form-data-1.0.0-rc3.tgz",
          "integrity": "sha1-01vGLn+8KTeuePlIqqDTjZBgdXc=",
          "dev": true,
          "requires": {
            "async": "1.5.2",
            "combined-stream": "1.0.6",
            "mime-types": "2.1.19"
          }
        },
        "formidable": {
          "version": "1.0.17",
          "resolved": "http://cipcentral-prod.be.net.intra/nexus/repository/BNPPF_NPM/formidable/-/formidable-1.0.17.tgz",
          "integrity": "sha1-71SRSQ+UM7cF+qdyScmQKa40hVk=",
          "dev": true
        },
        "isarray": {
          "version": "0.0.1",
          "resolved": "http://cipcentral-prod.be.net.intra/nexus/repository/BNPPF_NPM/isarray/-/isarray-0.0.1.tgz",
          "integrity": "sha1-ihis/Kmo9Bd+Cav8YDiTmwXR7t8=",
          "dev": true
        },
        "mime": {
          "version": "1.3.4",
          "resolved": "http://cipcentral-prod.be.net.intra/nexus/repository/BNPPF_NPM/mime/-/mime-1.3.4.tgz",
          "integrity": "sha1-EV+eO2s9rylZmDyzjxSaLUDrXVM=",
          "dev": true
        },
        "qs": {
          "version": "2.3.3",
          "resolved": "http://cipcentral-prod.be.net.intra/nexus/repository/BNPPF_NPM/qs/-/qs-2.3.3.tgz",
          "integrity": "sha1-6eha2+ddoLvkyOBHaghikPhjtAQ=",
          "dev": true
        },
        "readable-stream": {
          "version": "1.0.27-1",
          "resolved": "http://cipcentral-prod.be.net.intra/nexus/repository/BNPPF_NPM/readable-stream/-/readable-stream-1.0.27-1.tgz",
          "integrity": "sha1-a2eYPCA1fO/QfwFlABoW1xDZEHg=",
          "dev": true,
          "requires": {
            "core-util-is": "1.0.2",
            "inherits": "2.0.3",
            "isarray": "0.0.1",
            "string_decoder": "0.10.31"
          }
        },
        "string_decoder": {
          "version": "0.10.31",
          "resolved": "http://cipcentral-prod.be.net.intra/nexus/repository/BNPPF_NPM/string_decoder/-/string_decoder-0.10.31.tgz",
          "integrity": "sha1-YuIDvEF2bGwoyfyEMB2rHFMQ+pQ=",
          "dev": true
        },
        "superagent": {
          "version": "1.8.5",
          "resolved": "http://cipcentral-prod.be.net.intra/nexus/repository/BNPPF_NPM/superagent/-/superagent-1.8.5.tgz",
          "integrity": "sha1-HA3cOvMOgOuE68BcshItqP6UC1U=",
          "dev": true,
          "requires": {
            "component-emitter": "1.2.1",
            "cookiejar": "2.0.6",
            "debug": "2.6.9",
            "extend": "3.0.0",
            "form-data": "1.0.0-rc3",
            "formidable": "1.0.17",
            "methods": "1.1.2",
            "mime": "1.3.4",
            "qs": "2.3.3",
            "readable-stream": "1.0.27-1",
            "reduce-component": "1.0.1"
          },
          "dependencies": {
            "cookiejar": {
              "version": "2.0.6",
              "resolved": "http://cipcentral-prod.be.net.intra/nexus/repository/BNPPF_NPM/cookiejar/-/cookiejar-2.0.6.tgz",
              "integrity": "sha1-Cr81atANHFohnYjURRgEbdAmrP4=",
              "dev": true
            }
          }
        }
      }
    },
    "tough-cookie": {
      "version": "2.3.4",
      "resolved": "http://cipcentral-prod.be.net.intra/nexus/repository/BNPPF_NPM/tough-cookie/-/tough-cookie-2.3.4.tgz",
      "integrity": "sha512-TZ6TTfI5NtZnuyy/Kecv+CnoROnyXn2DN97LontgQpCwsX2XyLYCC0ENhYkehSOwAp8rTQKc/NUIF7BkQ5rKLA==",
      "requires": {
        "punycode": "1.4.1"
      }
    },
    "tunnel-agent": {
      "version": "0.6.0",
      "resolved": "http://cipcentral-prod.be.net.intra/nexus/repository/BNPPF_NPM/tunnel-agent/-/tunnel-agent-0.6.0.tgz",
      "integrity": "sha1-J6XeoGs2sEoKmWZ3SykIaPD8QP0=",
      "requires": {
        "safe-buffer": "5.1.2"
      }
    },
    "tweetnacl": {
      "version": "0.14.5",
      "resolved": "http://cipcentral-prod.be.net.intra/nexus/repository/BNPPF_NPM/tweetnacl/-/tweetnacl-0.14.5.tgz",
      "integrity": "sha1-WuaBd/GS1EViadEIr6k/+HQ/T2Q=",
      "optional": true
    },
    "type-detect": {
      "version": "1.0.0",
      "resolved": "http://cipcentral-prod.be.net.intra/nexus/repository/BNPPF_NPM/type-detect/-/type-detect-1.0.0.tgz",
      "integrity": "sha1-diIXzAbbJY7EiQihKY6LlRIejqI=",
      "dev": true
    },
    "underscore": {
      "version": "1.5.2",
      "resolved": "http://cipcentral-prod.be.net.intra/nexus/repository/BNPPF_NPM/underscore/-/underscore-1.5.2.tgz",
      "integrity": "sha1-EzXF5PXm0zu7SwBrqMhqAPVW3gg=",
      "dev": true
    },
    "underscore.string": {
      "version": "3.2.2",
      "resolved": "http://cipcentral-prod.be.net.intra/nexus/repository/BNPPF_NPM/underscore.string/-/underscore.string-3.2.2.tgz",
      "integrity": "sha1-TtR+nq+ldaKL0fe8alux2TArsRs=",
      "dev": true
    },
    "util-deprecate": {
      "version": "1.0.2",
      "resolved": "http://cipcentral-prod.be.net.intra/nexus/repository/BNPPF_NPM/util-deprecate/-/util-deprecate-1.0.2.tgz",
      "integrity": "sha1-RQ1Nyfpw3nMnYvvS1KKJgUGaDM8="
    },
    "uuid": {
      "version": "3.3.2",
      "resolved": "http://cipcentral-prod.be.net.intra/nexus/repository/BNPPF_NPM/uuid/-/uuid-3.3.2.tgz",
      "integrity": "sha512-yXJmeNaw3DnnKAOKJE51sL/ZaYfWJRl1pK9dr19YFCu0ObS231AB1/LbqTKRAQ5kw8A90rA6fr4riOUpTZvQZA=="
    },
    "verror": {
      "version": "1.10.0",
      "resolved": "http://cipcentral-prod.be.net.intra/nexus/repository/BNPPF_NPM/verror/-/verror-1.10.0.tgz",
      "integrity": "sha1-OhBcoXBTr1XW4nDB+CiGguGNpAA=",
      "requires": {
        "assert-plus": "1.0.0",
        "core-util-is": "1.0.2",
        "extsprintf": "1.3.0"
      }
    },
    "walkdir": {
      "version": "0.0.10",
      "resolved": "http://cipcentral-prod.be.net.intra/nexus/repository/BNPPF_NPM/walkdir/-/walkdir-0.0.10.tgz",
      "integrity": "sha1-NgN8q2Y7XhwBZgB7X3uRizJ5pU8=",
      "dev": true
    }
  }
}
